// !$*UTF8*$!
{
	archiveVersion = 1;
	classes = {
	};
	objectVersion = 50;
	objects = {

/* Begin PBXBuildFile section */
		30AD9B20230AE14E00B39434 /* Placeholder.swift in Sources */ = {isa = PBXBuildFile; fileRef = 30AD9B1F230AE14E00B39434 /* Placeholder.swift */; };
		AB6A65AC230AD990009CFE7E /* AppDelegate.swift in Sources */ = {isa = PBXBuildFile; fileRef = AB6A65AB230AD990009CFE7E /* AppDelegate.swift */; };
		AB6A65AE230AD990009CFE7E /* ViewController.swift in Sources */ = {isa = PBXBuildFile; fileRef = AB6A65AD230AD990009CFE7E /* ViewController.swift */; };
		AB6A65B4230AD991009CFE7E /* MyBujo2_0.xcdatamodeld in Sources */ = {isa = PBXBuildFile; fileRef = AB6A65B2230AD990009CFE7E /* MyBujo2_0.xcdatamodeld */; };
		AB6A65B6230AD994009CFE7E /* Assets.xcassets in Resources */ = {isa = PBXBuildFile; fileRef = AB6A65B5230AD994009CFE7E /* Assets.xcassets */; };
		AB6A65B9230AD994009CFE7E /* LaunchScreen.storyboard in Resources */ = {isa = PBXBuildFile; fileRef = AB6A65B7230AD994009CFE7E /* LaunchScreen.storyboard */; };
		AB6A65C4230AD994009CFE7E /* MyBujo2_0Tests.swift in Sources */ = {isa = PBXBuildFile; fileRef = AB6A65C3230AD994009CFE7E /* MyBujo2_0Tests.swift */; };
/* End PBXBuildFile section */

/* Begin PBXContainerItemProxy section */
		AB6A65C0230AD994009CFE7E /* PBXContainerItemProxy */ = {
			isa = PBXContainerItemProxy;
			containerPortal = AB6A65A0230AD990009CFE7E /* Project object */;
			proxyType = 1;
			remoteGlobalIDString = AB6A65A7230AD990009CFE7E;
			remoteInfo = MyBujo2.0;
		};
/* End PBXContainerItemProxy section */

/* Begin PBXFileReference section */
		30AD9B1F230AE14E00B39434 /* Placeholder.swift */ = {isa = PBXFileReference; lastKnownFileType = sourcecode.swift; path = Placeholder.swift; sourceTree = "<group>"; };
		30AD9B21230AE15300B39434 /* Placeholder.swift */ = {isa = PBXFileReference; lastKnownFileType = sourcecode.swift; path = Placeholder.swift; sourceTree = "<group>"; };
		30AD9B22230AE15400B39434 /* Placeholder.swift */ = {isa = PBXFileReference; lastKnownFileType = sourcecode.swift; path = Placeholder.swift; sourceTree = "<group>"; };
		30AD9B23230AE15800B39434 /* Placeholder.swift */ = {isa = PBXFileReference; lastKnownFileType = sourcecode.swift; path = Placeholder.swift; sourceTree = "<group>"; };
		AB6A65A8230AD990009CFE7E /* MyBujo2.0.app */ = {isa = PBXFileReference; explicitFileType = wrapper.application; includeInIndex = 0; path = MyBujo2.0.app; sourceTree = BUILT_PRODUCTS_DIR; };
		AB6A65AB230AD990009CFE7E /* AppDelegate.swift */ = {isa = PBXFileReference; lastKnownFileType = sourcecode.swift; path = AppDelegate.swift; sourceTree = "<group>"; };
		AB6A65AD230AD990009CFE7E /* ViewController.swift */ = {isa = PBXFileReference; lastKnownFileType = sourcecode.swift; path = ViewController.swift; sourceTree = "<group>"; };
		AB6A65B3230AD990009CFE7E /* MyBujo2_0.xcdatamodel */ = {isa = PBXFileReference; lastKnownFileType = wrapper.xcdatamodel; path = MyBujo2_0.xcdatamodel; sourceTree = "<group>"; };
		AB6A65B5230AD994009CFE7E /* Assets.xcassets */ = {isa = PBXFileReference; lastKnownFileType = folder.assetcatalog; path = Assets.xcassets; sourceTree = "<group>"; };
		AB6A65B8230AD994009CFE7E /* Base */ = {isa = PBXFileReference; lastKnownFileType = file.storyboard; name = Base; path = Base.lproj/LaunchScreen.storyboard; sourceTree = "<group>"; };
		AB6A65BA230AD994009CFE7E /* Info.plist */ = {isa = PBXFileReference; lastKnownFileType = text.plist.xml; path = Info.plist; sourceTree = "<group>"; };
		AB6A65BF230AD994009CFE7E /* MyBujo2.0Tests.xctest */ = {isa = PBXFileReference; explicitFileType = wrapper.cfbundle; includeInIndex = 0; path = MyBujo2.0Tests.xctest; sourceTree = BUILT_PRODUCTS_DIR; };
		AB6A65C3230AD994009CFE7E /* MyBujo2_0Tests.swift */ = {isa = PBXFileReference; lastKnownFileType = sourcecode.swift; path = MyBujo2_0Tests.swift; sourceTree = "<group>"; };
		AB6A65C5230AD994009CFE7E /* Info.plist */ = {isa = PBXFileReference; lastKnownFileType = text.plist.xml; path = Info.plist; sourceTree = "<group>"; };
/* End PBXFileReference section */

/* Begin PBXFrameworksBuildPhase section */
		AB6A65A5230AD990009CFE7E /* Frameworks */ = {
			isa = PBXFrameworksBuildPhase;
			buildActionMask = 2147483647;
			files = (
			);
			runOnlyForDeploymentPostprocessing = 0;
		};
		AB6A65BC230AD994009CFE7E /* Frameworks */ = {
			isa = PBXFrameworksBuildPhase;
			buildActionMask = 2147483647;
			files = (
			);
			runOnlyForDeploymentPostprocessing = 0;
		};
/* End PBXFrameworksBuildPhase section */

/* Begin PBXGroup section */
		30AD9B1B230AE10600B39434 /* Models */ = {
			isa = PBXGroup;
			children = (
				30AD9B23230AE15800B39434 /* Placeholder.swift */,
			);
			path = Models;
			sourceTree = "<group>";
		};
		30AD9B1C230AE10C00B39434 /* Views */ = {
			isa = PBXGroup;
			children = (
				30AD9B22230AE15400B39434 /* Placeholder.swift */,
			);
			path = Views;
			sourceTree = "<group>";
		};
		30AD9B1D230AE11800B39434 /* Controllers */ = {
			isa = PBXGroup;
			children = (
				30AD9B21230AE15300B39434 /* Placeholder.swift */,
			);
			path = Controllers;
			sourceTree = "<group>";
		};
		30AD9B1E230AE12100B39434 /* Utils */ = {
			isa = PBXGroup;
			children = (
				30AD9B1F230AE14E00B39434 /* Placeholder.swift */,
			);
			path = Utils;
			sourceTree = "<group>";
		};
		AB6A659F230AD990009CFE7E = {
			isa = PBXGroup;
			children = (
				AB6A65AA230AD990009CFE7E /* MyBujo2.0 */,
				AB6A65C2230AD994009CFE7E /* MyBujo2.0Tests */,
				AB6A65A9230AD990009CFE7E /* Products */,
			);
			sourceTree = "<group>";
		};
		AB6A65A9230AD990009CFE7E /* Products */ = {
			isa = PBXGroup;
			children = (
				AB6A65A8230AD990009CFE7E /* MyBujo2.0.app */,
				AB6A65BF230AD994009CFE7E /* MyBujo2.0Tests.xctest */,
			);
			name = Products;
			sourceTree = "<group>";
		};
		AB6A65AA230AD990009CFE7E /* MyBujo2.0 */ = {
			isa = PBXGroup;
			children = (
				30AD9B1E230AE12100B39434 /* Utils */,
				30AD9B1D230AE11800B39434 /* Controllers */,
				30AD9B1C230AE10C00B39434 /* Views */,
				30AD9B1B230AE10600B39434 /* Models */,
				AB6A65AB230AD990009CFE7E /* AppDelegate.swift */,
				AB6A65AD230AD990009CFE7E /* ViewController.swift */,
				AB6A65B5230AD994009CFE7E /* Assets.xcassets */,
				AB6A65B7230AD994009CFE7E /* LaunchScreen.storyboard */,
				AB6A65BA230AD994009CFE7E /* Info.plist */,
				AB6A65B2230AD990009CFE7E /* MyBujo2_0.xcdatamodeld */,
			);
			path = MyBujo2.0;
			sourceTree = "<group>";
		};
		AB6A65C2230AD994009CFE7E /* MyBujo2.0Tests */ = {
			isa = PBXGroup;
			children = (
				AB6A65C3230AD994009CFE7E /* MyBujo2_0Tests.swift */,
				AB6A65C5230AD994009CFE7E /* Info.plist */,
			);
			path = MyBujo2.0Tests;
			sourceTree = "<group>";
		};
/* End PBXGroup section */

/* Begin PBXNativeTarget section */
		AB6A65A7230AD990009CFE7E /* MyBujo2.0 */ = {
			isa = PBXNativeTarget;
			buildConfigurationList = AB6A65C8230AD994009CFE7E /* Build configuration list for PBXNativeTarget "MyBujo2.0" */;
			buildPhases = (
				AB6A65A4230AD990009CFE7E /* Sources */,
				AB6A65A5230AD990009CFE7E /* Frameworks */,
				AB6A65A6230AD990009CFE7E /* Resources */,
			);
			buildRules = (
			);
			dependencies = (
			);
			name = MyBujo2.0;
			productName = MyBujo2.0;
			productReference = AB6A65A8230AD990009CFE7E /* MyBujo2.0.app */;
			productType = "com.apple.product-type.application";
		};
		AB6A65BE230AD994009CFE7E /* MyBujo2.0Tests */ = {
			isa = PBXNativeTarget;
			buildConfigurationList = AB6A65CB230AD994009CFE7E /* Build configuration list for PBXNativeTarget "MyBujo2.0Tests" */;
			buildPhases = (
				AB6A65BB230AD994009CFE7E /* Sources */,
				AB6A65BC230AD994009CFE7E /* Frameworks */,
				AB6A65BD230AD994009CFE7E /* Resources */,
			);
			buildRules = (
			);
			dependencies = (
				AB6A65C1230AD994009CFE7E /* PBXTargetDependency */,
			);
			name = MyBujo2.0Tests;
			productName = MyBujo2.0Tests;
			productReference = AB6A65BF230AD994009CFE7E /* MyBujo2.0Tests.xctest */;
			productType = "com.apple.product-type.bundle.unit-test";
		};
/* End PBXNativeTarget section */

/* Begin PBXProject section */
		AB6A65A0230AD990009CFE7E /* Project object */ = {
			isa = PBXProject;
			attributes = {
				LastSwiftUpdateCheck = 1020;
				LastUpgradeCheck = 1020;
				ORGANIZATIONNAME = "Gabriel Palhares";
				TargetAttributes = {
					AB6A65A7230AD990009CFE7E = {
						CreatedOnToolsVersion = 10.2.1;
					};
					AB6A65BE230AD994009CFE7E = {
						CreatedOnToolsVersion = 10.2.1;
						TestTargetID = AB6A65A7230AD990009CFE7E;
					};
				};
			};
			buildConfigurationList = AB6A65A3230AD990009CFE7E /* Build configuration list for PBXProject "MyBujo2.0" */;
			compatibilityVersion = "Xcode 9.3";
			developmentRegion = en;
			hasScannedForEncodings = 0;
			knownRegions = (
				en,
				Base,
			);
			mainGroup = AB6A659F230AD990009CFE7E;
			productRefGroup = AB6A65A9230AD990009CFE7E /* Products */;
			projectDirPath = "";
			projectRoot = "";
			targets = (
				AB6A65A7230AD990009CFE7E /* MyBujo2.0 */,
				AB6A65BE230AD994009CFE7E /* MyBujo2.0Tests */,
			);
		};
/* End PBXProject section */

/* Begin PBXResourcesBuildPhase section */
		AB6A65A6230AD990009CFE7E /* Resources */ = {
			isa = PBXResourcesBuildPhase;
			buildActionMask = 2147483647;
			files = (
				AB6A65B9230AD994009CFE7E /* LaunchScreen.storyboard in Resources */,
				AB6A65B6230AD994009CFE7E /* Assets.xcassets in Resources */,
			);
			runOnlyForDeploymentPostprocessing = 0;
		};
		AB6A65BD230AD994009CFE7E /* Resources */ = {
			isa = PBXResourcesBuildPhase;
			buildActionMask = 2147483647;
			files = (
			);
			runOnlyForDeploymentPostprocessing = 0;
		};
/* End PBXResourcesBuildPhase section */

/* Begin PBXSourcesBuildPhase section */
		AB6A65A4230AD990009CFE7E /* Sources */ = {
			isa = PBXSourcesBuildPhase;
			buildActionMask = 2147483647;
			files = (
				AB6A65AE230AD990009CFE7E /* ViewController.swift in Sources */,
				AB6A65AC230AD990009CFE7E /* AppDelegate.swift in Sources */,
				AB6A65B4230AD991009CFE7E /* MyBujo2_0.xcdatamodeld in Sources */,
				30AD9B20230AE14E00B39434 /* Placeholder.swift in Sources */,
			);
			runOnlyForDeploymentPostprocessing = 0;
		};
		AB6A65BB230AD994009CFE7E /* Sources */ = {
			isa = PBXSourcesBuildPhase;
			buildActionMask = 2147483647;
			files = (
				AB6A65C4230AD994009CFE7E /* MyBujo2_0Tests.swift in Sources */,
			);
			runOnlyForDeploymentPostprocessing = 0;
		};
/* End PBXSourcesBuildPhase section */

/* Begin PBXTargetDependency section */
		AB6A65C1230AD994009CFE7E /* PBXTargetDependency */ = {
			isa = PBXTargetDependency;
			target = AB6A65A7230AD990009CFE7E /* MyBujo2.0 */;
			targetProxy = AB6A65C0230AD994009CFE7E /* PBXContainerItemProxy */;
		};
/* End PBXTargetDependency section */

/* Begin PBXVariantGroup section */
		AB6A65B7230AD994009CFE7E /* LaunchScreen.storyboard */ = {
			isa = PBXVariantGroup;
			children = (
				AB6A65B8230AD994009CFE7E /* Base */,
			);
			name = LaunchScreen.storyboard;
			sourceTree = "<group>";
		};
/* End PBXVariantGroup section */

/* Begin XCBuildConfiguration section */
		AB6A65C6230AD994009CFE7E /* Debug */ = {
			isa = XCBuildConfiguration;
			buildSettings = {
				ALWAYS_SEARCH_USER_PATHS = NO;
				CLANG_ANALYZER_NONNULL = YES;
				CLANG_ANALYZER_NUMBER_OBJECT_CONVERSION = YES_AGGRESSIVE;
				CLANG_CXX_LANGUAGE_STANDARD = "gnu++14";
				CLANG_CXX_LIBRARY = "libc++";
				CLANG_ENABLE_MODULES = YES;
				CLANG_ENABLE_OBJC_ARC = YES;
				CLANG_ENABLE_OBJC_WEAK = YES;
				CLANG_WARN_BLOCK_CAPTURE_AUTORELEASING = YES;
				CLANG_WARN_BOOL_CONVERSION = YES;
				CLANG_WARN_COMMA = YES;
				CLANG_WARN_CONSTANT_CONVERSION = YES;
				CLANG_WARN_DEPRECATED_OBJC_IMPLEMENTATIONS = YES;
				CLANG_WARN_DIRECT_OBJC_ISA_USAGE = YES_ERROR;
				CLANG_WARN_DOCUMENTATION_COMMENTS = YES;
				CLANG_WARN_EMPTY_BODY = YES;
				CLANG_WARN_ENUM_CONVERSION = YES;
				CLANG_WARN_INFINITE_RECURSION = YES;
				CLANG_WARN_INT_CONVERSION = YES;
				CLANG_WARN_NON_LITERAL_NULL_CONVERSION = YES;
				CLANG_WARN_OBJC_IMPLICIT_RETAIN_SELF = YES;
				CLANG_WARN_OBJC_LITERAL_CONVERSION = YES;
				CLANG_WARN_OBJC_ROOT_CLASS = YES_ERROR;
				CLANG_WARN_RANGE_LOOP_ANALYSIS = YES;
				CLANG_WARN_STRICT_PROTOTYPES = YES;
				CLANG_WARN_SUSPICIOUS_MOVE = YES;
				CLANG_WARN_UNGUARDED_AVAILABILITY = YES_AGGRESSIVE;
				CLANG_WARN_UNREACHABLE_CODE = YES;
				CLANG_WARN__DUPLICATE_METHOD_MATCH = YES;
				CODE_SIGN_IDENTITY = "iPhone Developer";
				COPY_PHASE_STRIP = NO;
				DEBUG_INFORMATION_FORMAT = dwarf;
				ENABLE_STRICT_OBJC_MSGSEND = YES;
				ENABLE_TESTABILITY = YES;
				GCC_C_LANGUAGE_STANDARD = gnu11;
				GCC_DYNAMIC_NO_PIC = NO;
				GCC_NO_COMMON_BLOCKS = YES;
				GCC_OPTIMIZATION_LEVEL = 0;
				GCC_PREPROCESSOR_DEFINITIONS = (
					"DEBUG=1",
					"$(inherited)",
				);
				GCC_WARN_64_TO_32_BIT_CONVERSION = YES;
				GCC_WARN_ABOUT_RETURN_TYPE = YES_ERROR;
				GCC_WARN_UNDECLARED_SELECTOR = YES;
				GCC_WARN_UNINITIALIZED_AUTOS = YES_AGGRESSIVE;
				GCC_WARN_UNUSED_FUNCTION = YES;
				GCC_WARN_UNUSED_VARIABLE = YES;
				IPHONEOS_DEPLOYMENT_TARGET = 12.2;
				MTL_ENABLE_DEBUG_INFO = INCLUDE_SOURCE;
				MTL_FAST_MATH = YES;
				ONLY_ACTIVE_ARCH = YES;
				SDKROOT = iphoneos;
				SWIFT_ACTIVE_COMPILATION_CONDITIONS = DEBUG;
				SWIFT_OPTIMIZATION_LEVEL = "-Onone";
			};
			name = Debug;
		};
		AB6A65C7230AD994009CFE7E /* Release */ = {
			isa = XCBuildConfiguration;
			buildSettings = {
				ALWAYS_SEARCH_USER_PATHS = NO;
				CLANG_ANALYZER_NONNULL = YES;
				CLANG_ANALYZER_NUMBER_OBJECT_CONVERSION = YES_AGGRESSIVE;
				CLANG_CXX_LANGUAGE_STANDARD = "gnu++14";
				CLANG_CXX_LIBRARY = "libc++";
				CLANG_ENABLE_MODULES = YES;
				CLANG_ENABLE_OBJC_ARC = YES;
				CLANG_ENABLE_OBJC_WEAK = YES;
				CLANG_WARN_BLOCK_CAPTURE_AUTORELEASING = YES;
				CLANG_WARN_BOOL_CONVERSION = YES;
				CLANG_WARN_COMMA = YES;
				CLANG_WARN_CONSTANT_CONVERSION = YES;
				CLANG_WARN_DEPRECATED_OBJC_IMPLEMENTATIONS = YES;
				CLANG_WARN_DIRECT_OBJC_ISA_USAGE = YES_ERROR;
				CLANG_WARN_DOCUMENTATION_COMMENTS = YES;
				CLANG_WARN_EMPTY_BODY = YES;
				CLANG_WARN_ENUM_CONVERSION = YES;
				CLANG_WARN_INFINITE_RECURSION = YES;
				CLANG_WARN_INT_CONVERSION = YES;
				CLANG_WARN_NON_LITERAL_NULL_CONVERSION = YES;
				CLANG_WARN_OBJC_IMPLICIT_RETAIN_SELF = YES;
				CLANG_WARN_OBJC_LITERAL_CONVERSION = YES;
				CLANG_WARN_OBJC_ROOT_CLASS = YES_ERROR;
				CLANG_WARN_RANGE_LOOP_ANALYSIS = YES;
				CLANG_WARN_STRICT_PROTOTYPES = YES;
				CLANG_WARN_SUSPICIOUS_MOVE = YES;
				CLANG_WARN_UNGUARDED_AVAILABILITY = YES_AGGRESSIVE;
				CLANG_WARN_UNREACHABLE_CODE = YES;
				CLANG_WARN__DUPLICATE_METHOD_MATCH = YES;
				CODE_SIGN_IDENTITY = "iPhone Developer";
				COPY_PHASE_STRIP = NO;
				DEBUG_INFORMATION_FORMAT = "dwarf-with-dsym";
				ENABLE_NS_ASSERTIONS = NO;
				ENABLE_STRICT_OBJC_MSGSEND = YES;
				GCC_C_LANGUAGE_STANDARD = gnu11;
				GCC_NO_COMMON_BLOCKS = YES;
				GCC_WARN_64_TO_32_BIT_CONVERSION = YES;
				GCC_WARN_ABOUT_RETURN_TYPE = YES_ERROR;
				GCC_WARN_UNDECLARED_SELECTOR = YES;
				GCC_WARN_UNINITIALIZED_AUTOS = YES_AGGRESSIVE;
				GCC_WARN_UNUSED_FUNCTION = YES;
				GCC_WARN_UNUSED_VARIABLE = YES;
				IPHONEOS_DEPLOYMENT_TARGET = 12.2;
				MTL_ENABLE_DEBUG_INFO = NO;
				MTL_FAST_MATH = YES;
				SDKROOT = iphoneos;
				SWIFT_COMPILATION_MODE = wholemodule;
				SWIFT_OPTIMIZATION_LEVEL = "-O";
				VALIDATE_PRODUCT = YES;
			};
			name = Release;
		};
		AB6A65C9230AD994009CFE7E /* Debug */ = {
			isa = XCBuildConfiguration;
			buildSettings = {
				ASSETCATALOG_COMPILER_APPICON_NAME = AppIcon;
				CODE_SIGN_STYLE = Automatic;
				DEVELOPMENT_TEAM = C2BTWK9QR9;
				INFOPLIST_FILE = MyBujo2.0/Info.plist;
				LD_RUNPATH_SEARCH_PATHS = (
					"$(inherited)",
					"@executable_path/Frameworks",
				);
				PRODUCT_BUNDLE_IDENTIFIER = "Gabriel-Palhares.MyBujo2-0";
				PRODUCT_NAME = "$(TARGET_NAME)";
				SWIFT_VERSION = 5.0;
				TARGETED_DEVICE_FAMILY = "1,2";
			};
			name = Debug;
		};
		AB6A65CA230AD994009CFE7E /* Release */ = {
			isa = XCBuildConfiguration;
			buildSettings = {
				ASSETCATALOG_COMPILER_APPICON_NAME = AppIcon;
				CODE_SIGN_STYLE = Automatic;
				DEVELOPMENT_TEAM = C2BTWK9QR9;
				INFOPLIST_FILE = MyBujo2.0/Info.plist;
				LD_RUNPATH_SEARCH_PATHS = (
					"$(inherited)",
					"@executable_path/Frameworks",
				);
				PRODUCT_BUNDLE_IDENTIFIER = "Gabriel-Palhares.MyBujo2-0";
				PRODUCT_NAME = "$(TARGET_NAME)";
				SWIFT_VERSION = 5.0;
				TARGETED_DEVICE_FAMILY = "1,2";
			};
			name = Release;
		};
		AB6A65CC230AD994009CFE7E /* Debug */ = {
			isa = XCBuildConfiguration;
			buildSettings = {
				ALWAYS_EMBED_SWIFT_STANDARD_LIBRARIES = YES;
				BUNDLE_LOADER = "$(TEST_HOST)";
				CODE_SIGN_STYLE = Automatic;
				DEVELOPMENT_TEAM = 6Z5CB5T6U7;
				INFOPLIST_FILE = MyBujo2.0Tests/Info.plist;
				LD_RUNPATH_SEARCH_PATHS = (
					"$(inherited)",
					"@executable_path/Frameworks",
					"@loader_path/Frameworks",
				);
				PRODUCT_BUNDLE_IDENTIFIER = "Gabriel-Palhares.MyBujo2-0Tests";
				PRODUCT_NAME = "$(TARGET_NAME)";
				SWIFT_VERSION = 5.0;
				TARGETED_DEVICE_FAMILY = "1,2";
				TEST_HOST = "$(BUILT_PRODUCTS_DIR)/MyBujo2.0.app/MyBujo2.0";
			};
			name = Debug;
		};
		AB6A65CD230AD994009CFE7E /* Release */ = {
			isa = XCBuildConfiguration;
			buildSettings = {
				ALWAYS_EMBED_SWIFT_STANDARD_LIBRARIES = YES;
				BUNDLE_LOADER = "$(TEST_HOST)";
				CODE_SIGN_STYLE = Automatic;
				DEVELOPMENT_TEAM = 6Z5CB5T6U7;
				INFOPLIST_FILE = MyBujo2.0Tests/Info.plist;
				LD_RUNPATH_SEARCH_PATHS = (
					"$(inherited)",
					"@executable_path/Frameworks",
					"@loader_path/Frameworks",
				);
				PRODUCT_BUNDLE_IDENTIFIER = "Gabriel-Palhares.MyBujo2-0Tests";
				PRODUCT_NAME = "$(TARGET_NAME)";
				SWIFT_VERSION = 5.0;
				TARGETED_DEVICE_FAMILY = "1,2";
				TEST_HOST = "$(BUILT_PRODUCTS_DIR)/MyBujo2.0.app/MyBujo2.0";
			};
			name = Release;
		};
/* End XCBuildConfiguration section */

/* Begin XCConfigurationList section */
		AB6A65A3230AD990009CFE7E /* Build configuration list for PBXProject "MyBujo2.0" */ = {
			isa = XCConfigurationList;
			buildConfigurations = (
				AB6A65C6230AD994009CFE7E /* Debug */,
				AB6A65C7230AD994009CFE7E /* Release */,
			);
			defaultConfigurationIsVisible = 0;
			defaultConfigurationName = Release;
		};
		AB6A65C8230AD994009CFE7E /* Build configuration list for PBXNativeTarget "MyBujo2.0" */ = {
			isa = XCConfigurationList;
			buildConfigurations = (
				AB6A65C9230AD994009CFE7E /* Debug */,
				AB6A65CA230AD994009CFE7E /* Release */,
			);
			defaultConfigurationIsVisible = 0;
			defaultConfigurationName = Release;
		};
		AB6A65CB230AD994009CFE7E /* Build configuration list for PBXNativeTarget "MyBujo2.0Tests" */ = {
			isa = XCConfigurationList;
			buildConfigurations = (
				AB6A65CC230AD994009CFE7E /* Debug */,
				AB6A65CD230AD994009CFE7E /* Release */,
			);
			defaultConfigurationIsVisible = 0;
			defaultConfigurationName = Release;
		};
/* End XCConfigurationList section */

/* Begin XCVersionGroup section */
		AB6A65B2230AD990009CFE7E /* MyBujo2_0.xcdatamodeld */ = {
			isa = XCVersionGroup;
			children = (
				AB6A65B3230AD990009CFE7E /* MyBujo2_0.xcdatamodel */,
			);
			currentVersion = AB6A65B3230AD990009CFE7E /* MyBujo2_0.xcdatamodel */;
			path = MyBujo2_0.xcdatamodeld;
			sourceTree = "<group>";
			versionGroupType = wrapper.xcdatamodel;
		};
/* End XCVersionGroup section */
	};
	rootObject = AB6A65A0230AD990009CFE7E /* Project object */;
}
