// !$*UTF8*$!
{
	archiveVersion = 1;
	classes = {
	};
	objectVersion = 51;
	objects = {

/* Begin PBXBuildFile section */
		1511F76A230C3E9C0056E715 /* MasterViewController.swift in Sources */ = {isa = PBXBuildFile; fileRef = 1511F769230C3E9C0056E715 /* MasterViewController.swift */; };
		1516C18C23154851002EC623 /* GoalsTableViewCell.swift in Sources */ = {isa = PBXBuildFile; fileRef = 1516C18B23154851002EC623 /* GoalsTableViewCell.swift */; };
		1516C18F231555E5002EC623 /* TableViewHeaderView.swift in Sources */ = {isa = PBXBuildFile; fileRef = 1516C18E231555E5002EC623 /* TableViewHeaderView.swift */; };
		15341D842315C28B005E7328 /* HeaderViewFactory.swift in Sources */ = {isa = PBXBuildFile; fileRef = 15341D832315C28B005E7328 /* HeaderViewFactory.swift */; };
		15347D37231D8E8F00848335 /* FeelingsView.swift in Sources */ = {isa = PBXBuildFile; fileRef = 15347D36231D8E8F00848335 /* FeelingsView.swift */; };
		153F8CB3230C477E001C0CB3 /* CustomSplitViewController.swift in Sources */ = {isa = PBXBuildFile; fileRef = 153F8CB2230C477E001C0CB3 /* CustomSplitViewController.swift */; };
		1549195823193EDD00766609 /* FormView.swift in Sources */ = {isa = PBXBuildFile; fileRef = 1549195723193EDD00766609 /* FormView.swift */; };
		1549195A231D44EE00766609 /* NewFeelingViewController.swift in Sources */ = {isa = PBXBuildFile; fileRef = 15491959231D44EE00766609 /* NewFeelingViewController.swift */; };
		1549195E231D4B8C00766609 /* FeelingView.swift in Sources */ = {isa = PBXBuildFile; fileRef = 1549195D231D4B8C00766609 /* FeelingView.swift */; };
		15491960231D508000766609 /* FeelingsCardView.swift in Sources */ = {isa = PBXBuildFile; fileRef = 1549195F231D508000766609 /* FeelingsCardView.swift */; };
		154B139323143B3600F03C6C /* GoalTableViewCell.swift in Sources */ = {isa = PBXBuildFile; fileRef = 154B139223143B3600F03C6C /* GoalTableViewCell.swift */; };
		15C339C5230D8A14009ED5CD /* ViewCode.swift in Sources */ = {isa = PBXBuildFile; fileRef = 15C339C4230D8A14009ED5CD /* ViewCode.swift */; };
		15DFF5C52316C3AD00F70860 /* NewGoalViewController.swift in Sources */ = {isa = PBXBuildFile; fileRef = 15DFF5C42316C3AD00F70860 /* NewGoalViewController.swift */; };
		15DFF5C72316FB8200F70860 /* Blurable.swift in Sources */ = {isa = PBXBuildFile; fileRef = 15DFF5C62316FB8200F70860 /* Blurable.swift */; };
		15EF7189230DA7BA001F79D9 /* MyTodayViewController.swift in Sources */ = {isa = PBXBuildFile; fileRef = 15EF7188230DA7BA001F79D9 /* MyTodayViewController.swift */; };
		301149102315721C0099E845 /* ShadowView.swift in Sources */ = {isa = PBXBuildFile; fileRef = 3011490F2315721C0099E845 /* ShadowView.swift */; };
		301F35352316AAC500AD5477 /* CoreDataManager.swift in Sources */ = {isa = PBXBuildFile; fileRef = 301F35342316AAC500AD5477 /* CoreDataManager.swift */; };
		3050424E230C879D0037AFB0 /* ShadowProtocol.swift in Sources */ = {isa = PBXBuildFile; fileRef = 3050424D230C879D0037AFB0 /* ShadowProtocol.swift */; };
		30A348D123145AA30018DB13 /* CalendarTableViewCell.swift in Sources */ = {isa = PBXBuildFile; fileRef = 30A348D023145AA30018DB13 /* CalendarTableViewCell.swift */; };
		30A348D62314609C0018DB13 /* MediaTableViewCell.swift in Sources */ = {isa = PBXBuildFile; fileRef = 30A348D52314609C0018DB13 /* MediaTableViewCell.swift */; };
		30AD9B27230AE98B00B39434 /* CalendarManager.swift in Sources */ = {isa = PBXBuildFile; fileRef = 30AD9B26230AE98B00B39434 /* CalendarManager.swift */; };
		30AD9B29230AEF9100B39434 /* DayCell.swift in Sources */ = {isa = PBXBuildFile; fileRef = 30AD9B28230AEF9100B39434 /* DayCell.swift */; };
		30ADD66D231D396D001CAF1C /* Delegates.swift in Sources */ = {isa = PBXBuildFile; fileRef = 30ADD66C231D396D001CAF1C /* Delegates.swift */; };
		30B900572317FC3B000C0089 /* CalendarTableViewCellDelegate.swift in Sources */ = {isa = PBXBuildFile; fileRef = 30B900562317FC3B000C0089 /* CalendarTableViewCellDelegate.swift */; };
		30B9005A2318424A000C0089 /* DayExtension.swift in Sources */ = {isa = PBXBuildFile; fileRef = 30B900592318424A000C0089 /* DayExtension.swift */; };
		30B9005C231842A0000C0089 /* GoalExtension.swift in Sources */ = {isa = PBXBuildFile; fileRef = 30B9005B231842A0000C0089 /* GoalExtension.swift */; };
		30B9005E23184666000C0089 /* MediaExtension.swift in Sources */ = {isa = PBXBuildFile; fileRef = 30B9005D23184666000C0089 /* MediaExtension.swift */; };
		30B9006023185600000C0089 /* DateExtension.swift in Sources */ = {isa = PBXBuildFile; fileRef = 30B9005F23185600000C0089 /* DateExtension.swift */; };
		30CBF8D5230C239100D56A41 /* MonthHeader.swift in Sources */ = {isa = PBXBuildFile; fileRef = 30CBF8D4230C239100D56A41 /* MonthHeader.swift */; };
		30CBF8D8230C347200D56A41 /* WeekDaysView.swift in Sources */ = {isa = PBXBuildFile; fileRef = 30CBF8D7230C347200D56A41 /* WeekDaysView.swift */; };
		6294575E649801E7A4DB4FF3 /* Pods_MyBujo2_0.framework in Frameworks */ = {isa = PBXBuildFile; fileRef = 34F91807E7DBC8D75EE25897 /* Pods_MyBujo2_0.framework */; };
		63B0C0749EFE28F00D8E2D68 /* Pods_MyBujo2_0Tests.framework in Frameworks */ = {isa = PBXBuildFile; fileRef = FB3BC72103D3420E61711362 /* Pods_MyBujo2_0Tests.framework */; };
		AB6A65AC230AD990009CFE7E /* AppDelegate.swift in Sources */ = {isa = PBXBuildFile; fileRef = AB6A65AB230AD990009CFE7E /* AppDelegate.swift */; };
		AB6A65AE230AD990009CFE7E /* MyJourneyViewController.swift in Sources */ = {isa = PBXBuildFile; fileRef = AB6A65AD230AD990009CFE7E /* MyJourneyViewController.swift */; };
		AB6A65B4230AD991009CFE7E /* MyBujo2_0.xcdatamodeld in Sources */ = {isa = PBXBuildFile; fileRef = AB6A65B2230AD990009CFE7E /* MyBujo2_0.xcdatamodeld */; };
		AB6A65B6230AD994009CFE7E /* Assets.xcassets in Resources */ = {isa = PBXBuildFile; fileRef = AB6A65B5230AD994009CFE7E /* Assets.xcassets */; };
		AB6A65B9230AD994009CFE7E /* LaunchScreen.storyboard in Resources */ = {isa = PBXBuildFile; fileRef = AB6A65B7230AD994009CFE7E /* LaunchScreen.storyboard */; };
		AB6A65C4230AD994009CFE7E /* MyBujo2_0Tests.swift in Sources */ = {isa = PBXBuildFile; fileRef = AB6A65C3230AD994009CFE7E /* MyBujo2_0Tests.swift */; };
		AB79C01F2317F1590077A21E /* MediaCollectionViewDelegate.swift in Sources */ = {isa = PBXBuildFile; fileRef = AB79C01E2317F1590077A21E /* MediaCollectionViewDelegate.swift */; };
		AB79C0212317FFB40077A21E /* DismissControllerDelegate.swift in Sources */ = {isa = PBXBuildFile; fileRef = AB79C0202317FFB40077A21E /* DismissControllerDelegate.swift */; };
		ABC6819D2316AA6D0039E7CC /* MediaCollectionViewCell.swift in Sources */ = {isa = PBXBuildFile; fileRef = ABC6819C2316AA6D0039E7CC /* MediaCollectionViewCell.swift */; };
		E811D12E232004E600FBCAC8 /* UiButton+Extension.swift in Sources */ = {isa = PBXBuildFile; fileRef = E811D12D232004E600FBCAC8 /* UiButton+Extension.swift */; };
		E811D1302320952900FBCAC8 /* NewGoalViewControllerDelegate.swift in Sources */ = {isa = PBXBuildFile; fileRef = E811D12F2320952900FBCAC8 /* NewGoalViewControllerDelegate.swift */; };
		E811D132232096F800FBCAC8 /* UiLabel+Extension.swift in Sources */ = {isa = PBXBuildFile; fileRef = E811D131232096F800FBCAC8 /* UiLabel+Extension.swift */; };
		E813C1A72322A5F0002F170D /* NavigationButton.swift in Sources */ = {isa = PBXBuildFile; fileRef = E813C1A62322A5F0002F170D /* NavigationButton.swift */; };
		E8535A0223156252009AB979 /* NotesView.swift in Sources */ = {isa = PBXBuildFile; fileRef = E8535A0123156252009AB979 /* NotesView.swift */; };
		E8535A04231562AB009AB979 /* NotesViewController.swift in Sources */ = {isa = PBXBuildFile; fileRef = E8535A03231562AB009AB979 /* NotesViewController.swift */; };
		E8FF9D472316C55D006C2B49 /* UiView+Extension.swift in Sources */ = {isa = PBXBuildFile; fileRef = E8FF9D462316C55D006C2B49 /* UiView+Extension.swift */; };
/* End PBXBuildFile section */

/* Begin PBXContainerItemProxy section */
		AB6A65C0230AD994009CFE7E /* PBXContainerItemProxy */ = {
			isa = PBXContainerItemProxy;
			containerPortal = AB6A65A0230AD990009CFE7E /* Project object */;
			proxyType = 1;
			remoteGlobalIDString = AB6A65A7230AD990009CFE7E;
			remoteInfo = MyBujo2.0;
		};
/* End PBXContainerItemProxy section */

/* Begin PBXFileReference section */
		1511F769230C3E9C0056E715 /* MasterViewController.swift */ = {isa = PBXFileReference; lastKnownFileType = sourcecode.swift; path = MasterViewController.swift; sourceTree = "<group>"; };
		1516C18B23154851002EC623 /* GoalsTableViewCell.swift */ = {isa = PBXFileReference; lastKnownFileType = sourcecode.swift; path = GoalsTableViewCell.swift; sourceTree = "<group>"; };
		1516C18E231555E5002EC623 /* TableViewHeaderView.swift */ = {isa = PBXFileReference; lastKnownFileType = sourcecode.swift; path = TableViewHeaderView.swift; sourceTree = "<group>"; };
		15341D832315C28B005E7328 /* HeaderViewFactory.swift */ = {isa = PBXFileReference; lastKnownFileType = sourcecode.swift; path = HeaderViewFactory.swift; sourceTree = "<group>"; };
		15347D36231D8E8F00848335 /* FeelingsView.swift */ = {isa = PBXFileReference; lastKnownFileType = sourcecode.swift; path = FeelingsView.swift; sourceTree = "<group>"; };
		153F8CB2230C477E001C0CB3 /* CustomSplitViewController.swift */ = {isa = PBXFileReference; lastKnownFileType = sourcecode.swift; path = CustomSplitViewController.swift; sourceTree = "<group>"; };
		1549195723193EDD00766609 /* FormView.swift */ = {isa = PBXFileReference; lastKnownFileType = sourcecode.swift; path = FormView.swift; sourceTree = "<group>"; };
		15491959231D44EE00766609 /* NewFeelingViewController.swift */ = {isa = PBXFileReference; lastKnownFileType = sourcecode.swift; path = NewFeelingViewController.swift; sourceTree = "<group>"; };
		1549195D231D4B8C00766609 /* FeelingView.swift */ = {isa = PBXFileReference; lastKnownFileType = sourcecode.swift; path = FeelingView.swift; sourceTree = "<group>"; };
		1549195F231D508000766609 /* FeelingsCardView.swift */ = {isa = PBXFileReference; lastKnownFileType = sourcecode.swift; path = FeelingsCardView.swift; sourceTree = "<group>"; };
		154B139223143B3600F03C6C /* GoalTableViewCell.swift */ = {isa = PBXFileReference; lastKnownFileType = sourcecode.swift; path = GoalTableViewCell.swift; sourceTree = "<group>"; };
		15C339C4230D8A14009ED5CD /* ViewCode.swift */ = {isa = PBXFileReference; lastKnownFileType = sourcecode.swift; path = ViewCode.swift; sourceTree = "<group>"; };
		15DFF5C42316C3AD00F70860 /* NewGoalViewController.swift */ = {isa = PBXFileReference; lastKnownFileType = sourcecode.swift; path = NewGoalViewController.swift; sourceTree = "<group>"; };
		15DFF5C62316FB8200F70860 /* Blurable.swift */ = {isa = PBXFileReference; lastKnownFileType = sourcecode.swift; path = Blurable.swift; sourceTree = "<group>"; };
		15EF7188230DA7BA001F79D9 /* MyTodayViewController.swift */ = {isa = PBXFileReference; lastKnownFileType = sourcecode.swift; path = MyTodayViewController.swift; sourceTree = "<group>"; };
		3011490F2315721C0099E845 /* ShadowView.swift */ = {isa = PBXFileReference; lastKnownFileType = sourcecode.swift; path = ShadowView.swift; sourceTree = "<group>"; };
		301F35342316AAC500AD5477 /* CoreDataManager.swift */ = {isa = PBXFileReference; lastKnownFileType = sourcecode.swift; path = CoreDataManager.swift; sourceTree = "<group>"; };
		30230345231EA8F7001A45F4 /* MyBujo2.0.entitlements */ = {isa = PBXFileReference; lastKnownFileType = text.plist.entitlements; path = MyBujo2.0.entitlements; sourceTree = "<group>"; };
		3050424D230C879D0037AFB0 /* ShadowProtocol.swift */ = {isa = PBXFileReference; lastKnownFileType = sourcecode.swift; path = ShadowProtocol.swift; sourceTree = "<group>"; };
		30A348D023145AA30018DB13 /* CalendarTableViewCell.swift */ = {isa = PBXFileReference; lastKnownFileType = sourcecode.swift; path = CalendarTableViewCell.swift; sourceTree = "<group>"; };
		30A348D52314609C0018DB13 /* MediaTableViewCell.swift */ = {isa = PBXFileReference; lastKnownFileType = sourcecode.swift; path = MediaTableViewCell.swift; sourceTree = "<group>"; };
		30AD9B1F230AE14E00B39434 /* Placeholder.swift */ = {isa = PBXFileReference; lastKnownFileType = sourcecode.swift; path = Placeholder.swift; sourceTree = "<group>"; };
		30AD9B26230AE98B00B39434 /* CalendarManager.swift */ = {isa = PBXFileReference; lastKnownFileType = sourcecode.swift; path = CalendarManager.swift; sourceTree = "<group>"; };
		30AD9B28230AEF9100B39434 /* DayCell.swift */ = {isa = PBXFileReference; lastKnownFileType = sourcecode.swift; path = DayCell.swift; sourceTree = "<group>"; };
		30ADD66C231D396D001CAF1C /* Delegates.swift */ = {isa = PBXFileReference; lastKnownFileType = sourcecode.swift; path = Delegates.swift; sourceTree = "<group>"; };
		30B900562317FC3B000C0089 /* CalendarTableViewCellDelegate.swift */ = {isa = PBXFileReference; lastKnownFileType = sourcecode.swift; path = CalendarTableViewCellDelegate.swift; sourceTree = "<group>"; };
		30B900592318424A000C0089 /* DayExtension.swift */ = {isa = PBXFileReference; lastKnownFileType = sourcecode.swift; path = DayExtension.swift; sourceTree = "<group>"; };
		30B9005B231842A0000C0089 /* GoalExtension.swift */ = {isa = PBXFileReference; lastKnownFileType = sourcecode.swift; path = GoalExtension.swift; sourceTree = "<group>"; };
		30B9005D23184666000C0089 /* MediaExtension.swift */ = {isa = PBXFileReference; lastKnownFileType = sourcecode.swift; path = MediaExtension.swift; sourceTree = "<group>"; };
		30B9005F23185600000C0089 /* DateExtension.swift */ = {isa = PBXFileReference; lastKnownFileType = sourcecode.swift; path = DateExtension.swift; sourceTree = "<group>"; };
		30CBF8D4230C239100D56A41 /* MonthHeader.swift */ = {isa = PBXFileReference; lastKnownFileType = sourcecode.swift; path = MonthHeader.swift; sourceTree = "<group>"; };
		30CBF8D7230C347200D56A41 /* WeekDaysView.swift */ = {isa = PBXFileReference; fileEncoding = 4; lastKnownFileType = sourcecode.swift; path = WeekDaysView.swift; sourceTree = "<group>"; };
		30CBF8D9230C34F100D56A41 /* AvenirNextLTPro-MediumCn.otf */ = {isa = PBXFileReference; lastKnownFileType = file; path = "AvenirNextLTPro-MediumCn.otf"; sourceTree = "<group>"; };
		30CBF8DA230C34F100D56A41 /* AvenirNextLTPro-Regular.otf */ = {isa = PBXFileReference; lastKnownFileType = file; path = "AvenirNextLTPro-Regular.otf"; sourceTree = "<group>"; };
		34F91807E7DBC8D75EE25897 /* Pods_MyBujo2_0.framework */ = {isa = PBXFileReference; explicitFileType = wrapper.framework; includeInIndex = 0; path = Pods_MyBujo2_0.framework; sourceTree = BUILT_PRODUCTS_DIR; };
		47DE8298B37C3D17CC42DD22 /* Pods-MyBujo2.0Tests.release.xcconfig */ = {isa = PBXFileReference; includeInIndex = 1; lastKnownFileType = text.xcconfig; name = "Pods-MyBujo2.0Tests.release.xcconfig"; path = "Target Support Files/Pods-MyBujo2.0Tests/Pods-MyBujo2.0Tests.release.xcconfig"; sourceTree = "<group>"; };
		5FF6BF279798F24CD8DECC74 /* Pods-MyBujo2.0Tests.debug.xcconfig */ = {isa = PBXFileReference; includeInIndex = 1; lastKnownFileType = text.xcconfig; name = "Pods-MyBujo2.0Tests.debug.xcconfig"; path = "Target Support Files/Pods-MyBujo2.0Tests/Pods-MyBujo2.0Tests.debug.xcconfig"; sourceTree = "<group>"; };
		AB6A65A8230AD990009CFE7E /* MyBujo2.0.app */ = {isa = PBXFileReference; explicitFileType = wrapper.application; includeInIndex = 0; path = MyBujo2.0.app; sourceTree = BUILT_PRODUCTS_DIR; };
		AB6A65AB230AD990009CFE7E /* AppDelegate.swift */ = {isa = PBXFileReference; lastKnownFileType = sourcecode.swift; path = AppDelegate.swift; sourceTree = "<group>"; };
		AB6A65AD230AD990009CFE7E /* MyJourneyViewController.swift */ = {isa = PBXFileReference; lastKnownFileType = sourcecode.swift; path = MyJourneyViewController.swift; sourceTree = "<group>"; };
		AB6A65B3230AD990009CFE7E /* MyBujo2_0.xcdatamodel */ = {isa = PBXFileReference; lastKnownFileType = wrapper.xcdatamodel; path = MyBujo2_0.xcdatamodel; sourceTree = "<group>"; };
		AB6A65B5230AD994009CFE7E /* Assets.xcassets */ = {isa = PBXFileReference; lastKnownFileType = folder.assetcatalog; path = Assets.xcassets; sourceTree = "<group>"; };
		AB6A65B8230AD994009CFE7E /* Base */ = {isa = PBXFileReference; lastKnownFileType = file.storyboard; name = Base; path = Base.lproj/LaunchScreen.storyboard; sourceTree = "<group>"; };
		AB6A65BA230AD994009CFE7E /* Info.plist */ = {isa = PBXFileReference; lastKnownFileType = text.plist.xml; path = Info.plist; sourceTree = "<group>"; };
		AB6A65BF230AD994009CFE7E /* MyBujo2.0Tests.xctest */ = {isa = PBXFileReference; explicitFileType = wrapper.cfbundle; includeInIndex = 0; path = MyBujo2.0Tests.xctest; sourceTree = BUILT_PRODUCTS_DIR; };
		AB6A65C3230AD994009CFE7E /* MyBujo2_0Tests.swift */ = {isa = PBXFileReference; lastKnownFileType = sourcecode.swift; path = MyBujo2_0Tests.swift; sourceTree = "<group>"; };
		AB6A65C5230AD994009CFE7E /* Info.plist */ = {isa = PBXFileReference; lastKnownFileType = text.plist.xml; path = Info.plist; sourceTree = "<group>"; };
		AB79C01E2317F1590077A21E /* MediaCollectionViewDelegate.swift */ = {isa = PBXFileReference; lastKnownFileType = sourcecode.swift; path = MediaCollectionViewDelegate.swift; sourceTree = "<group>"; };
		AB79C0202317FFB40077A21E /* DismissControllerDelegate.swift */ = {isa = PBXFileReference; lastKnownFileType = sourcecode.swift; path = DismissControllerDelegate.swift; sourceTree = "<group>"; };
		ABC6819C2316AA6D0039E7CC /* MediaCollectionViewCell.swift */ = {isa = PBXFileReference; lastKnownFileType = sourcecode.swift; path = MediaCollectionViewCell.swift; sourceTree = "<group>"; };
		D4A2D3033DEB8B4DDF9B1BEE /* Pods-MyBujo2.0.release.xcconfig */ = {isa = PBXFileReference; includeInIndex = 1; lastKnownFileType = text.xcconfig; name = "Pods-MyBujo2.0.release.xcconfig"; path = "Target Support Files/Pods-MyBujo2.0/Pods-MyBujo2.0.release.xcconfig"; sourceTree = "<group>"; };
		E811D12D232004E600FBCAC8 /* UiButton+Extension.swift */ = {isa = PBXFileReference; lastKnownFileType = sourcecode.swift; path = "UiButton+Extension.swift"; sourceTree = "<group>"; };
		E811D12F2320952900FBCAC8 /* NewGoalViewControllerDelegate.swift */ = {isa = PBXFileReference; lastKnownFileType = sourcecode.swift; path = NewGoalViewControllerDelegate.swift; sourceTree = "<group>"; };
		E811D131232096F800FBCAC8 /* UiLabel+Extension.swift */ = {isa = PBXFileReference; lastKnownFileType = sourcecode.swift; path = "UiLabel+Extension.swift"; sourceTree = "<group>"; };
		E813C1A62322A5F0002F170D /* NavigationButton.swift */ = {isa = PBXFileReference; lastKnownFileType = sourcecode.swift; path = NavigationButton.swift; sourceTree = "<group>"; };
		E8535A0123156252009AB979 /* NotesView.swift */ = {isa = PBXFileReference; lastKnownFileType = sourcecode.swift; path = NotesView.swift; sourceTree = "<group>"; };
		E8535A03231562AB009AB979 /* NotesViewController.swift */ = {isa = PBXFileReference; lastKnownFileType = sourcecode.swift; path = NotesViewController.swift; sourceTree = "<group>"; };
		E8FF9D462316C55D006C2B49 /* UiView+Extension.swift */ = {isa = PBXFileReference; lastKnownFileType = sourcecode.swift; path = "UiView+Extension.swift"; sourceTree = "<group>"; };
		ECE48980FB9CFE37C8EEA7BF /* Pods-MyBujo2.0.debug.xcconfig */ = {isa = PBXFileReference; includeInIndex = 1; lastKnownFileType = text.xcconfig; name = "Pods-MyBujo2.0.debug.xcconfig"; path = "Target Support Files/Pods-MyBujo2.0/Pods-MyBujo2.0.debug.xcconfig"; sourceTree = "<group>"; };
		FB3BC72103D3420E61711362 /* Pods_MyBujo2_0Tests.framework */ = {isa = PBXFileReference; explicitFileType = wrapper.framework; includeInIndex = 0; path = Pods_MyBujo2_0Tests.framework; sourceTree = BUILT_PRODUCTS_DIR; };
/* End PBXFileReference section */

/* Begin PBXFrameworksBuildPhase section */
		AB6A65A5230AD990009CFE7E /* Frameworks */ = {
			isa = PBXFrameworksBuildPhase;
			buildActionMask = 2147483647;
			files = (
				6294575E649801E7A4DB4FF3 /* Pods_MyBujo2_0.framework in Frameworks */,
			);
			runOnlyForDeploymentPostprocessing = 0;
		};
		AB6A65BC230AD994009CFE7E /* Frameworks */ = {
			isa = PBXFrameworksBuildPhase;
			buildActionMask = 2147483647;
			files = (
				63B0C0749EFE28F00D8E2D68 /* Pods_MyBujo2_0Tests.framework in Frameworks */,
			);
			runOnlyForDeploymentPostprocessing = 0;
		};
/* End PBXFrameworksBuildPhase section */

/* Begin PBXGroup section */
		1516C18D23155580002EC623 /* GoalsViews */ = {
			isa = PBXGroup;
			children = (
				1516C18B23154851002EC623 /* GoalsTableViewCell.swift */,
				154B139223143B3600F03C6C /* GoalTableViewCell.swift */,
			);
			path = GoalsViews;
			sourceTree = "<group>";
		};
		1549195623193EC800766609 /* NewGoalsViews */ = {
			isa = PBXGroup;
			children = (
				1549195723193EDD00766609 /* FormView.swift */,
			);
			path = NewGoalsViews;
			sourceTree = "<group>";
		};
		1549195C231D4B6E00766609 /* NewFeelingViews */ = {
			isa = PBXGroup;
			children = (
				1549195D231D4B8C00766609 /* FeelingView.swift */,
				1549195F231D508000766609 /* FeelingsCardView.swift */,
				15347D36231D8E8F00848335 /* FeelingsView.swift */,
			);
			path = NewFeelingViews;
			sourceTree = "<group>";
		};
		154EEE2F231408EF003B0EAF /* MyTodayViews */ = {
			isa = PBXGroup;
			children = (
				1516C18E231555E5002EC623 /* TableViewHeaderView.swift */,
				AB67AB252316A06800AACE89 /* MediaViews */,
				1516C18D23155580002EC623 /* GoalsViews */,
			);
			path = MyTodayViews;
			sourceTree = "<group>";
		};
		15C339C3230D8A04009ED5CD /* Protocols */ = {
			isa = PBXGroup;
			children = (
				3050424D230C879D0037AFB0 /* ShadowProtocol.swift */,
				15C339C4230D8A14009ED5CD /* ViewCode.swift */,
				15DFF5C62316FB8200F70860 /* Blurable.swift */,
				AB79C01E2317F1590077A21E /* MediaCollectionViewDelegate.swift */,
				AB79C0202317FFB40077A21E /* DismissControllerDelegate.swift */,
				E811D12F2320952900FBCAC8 /* NewGoalViewControllerDelegate.swift */,
			);
			path = Protocols;
			sourceTree = "<group>";
		};
		15EF7187230DA302001F79D9 /* Recovered References */ = {
			isa = PBXGroup;
			children = (
				30AD9B1F230AE14E00B39434 /* Placeholder.swift */,
			);
			name = "Recovered References";
			sourceTree = "<group>";
		};
		300B16C923155BB20070F7A7 /* MyJourneyViews */ = {
			isa = PBXGroup;
			children = (
			);
			path = MyJourneyViews;
			sourceTree = "<group>";
		};
		305F5751231E8E4400A220FD /* MyJourneyViewController */ = {
			isa = PBXGroup;
			children = (
				AB6A65AD230AD990009CFE7E /* MyJourneyViewController.swift */,
			);
			path = MyJourneyViewController;
			sourceTree = "<group>";
		};
		30AD9B1C230AE10C00B39434 /* Views */ = {
			isa = PBXGroup;
			children = (
				1549195C231D4B6E00766609 /* NewFeelingViews */,
				154EEE2F231408EF003B0EAF /* MyTodayViews */,
				300B16C923155BB20070F7A7 /* MyJourneyViews */,
				1549195623193EC800766609 /* NewGoalsViews */,
				E8535A0023156234009AB979 /* NotesViews */,
				30CBF8DB230C40B000D56A41 /* Calendar */,
				3011490F2315721C0099E845 /* ShadowView.swift */,
			);
			path = Views;
			sourceTree = "<group>";
		};
		30AD9B1D230AE11800B39434 /* Controllers */ = {
			isa = PBXGroup;
			children = (
				305F5751231E8E4400A220FD /* MyJourneyViewController */,
				30ADD66B231D3947001CAF1C /* MyTodayViewController */,
				E8535A03231562AB009AB979 /* NotesViewController.swift */,
				1511F769230C3E9C0056E715 /* MasterViewController.swift */,
				153F8CB2230C477E001C0CB3 /* CustomSplitViewController.swift */,
				15DFF5C42316C3AD00F70860 /* NewGoalViewController.swift */,
				15491959231D44EE00766609 /* NewFeelingViewController.swift */,
			);
			path = Controllers;
			sourceTree = "<group>";
		};
		30AD9B1E230AE12100B39434 /* Utils */ = {
			isa = PBXGroup;
			children = (
				30AD9B26230AE98B00B39434 /* CalendarManager.swift */,
				15341D832315C28B005E7328 /* HeaderViewFactory.swift */,
				301F35342316AAC500AD5477 /* CoreDataManager.swift */,
			);
			path = Utils;
			sourceTree = "<group>";
		};
		30ADD66B231D3947001CAF1C /* MyTodayViewController */ = {
			isa = PBXGroup;
			children = (
				15EF7188230DA7BA001F79D9 /* MyTodayViewController.swift */,
				30ADD66C231D396D001CAF1C /* Delegates.swift */,
			);
			path = MyTodayViewController;
			sourceTree = "<group>";
		};
		30B9005823184235000C0089 /* Models */ = {
			isa = PBXGroup;
			children = (
				30B900592318424A000C0089 /* DayExtension.swift */,
				30B9005B231842A0000C0089 /* GoalExtension.swift */,
				30B9005D23184666000C0089 /* MediaExtension.swift */,
			);
			path = Models;
			sourceTree = "<group>";
		};
		30CBF8D6230C344600D56A41 /* fonts */ = {
			isa = PBXGroup;
			children = (
				30CBF8D9230C34F100D56A41 /* AvenirNextLTPro-MediumCn.otf */,
				30CBF8DA230C34F100D56A41 /* AvenirNextLTPro-Regular.otf */,
			);
			path = fonts;
			sourceTree = "<group>";
		};
		30CBF8DB230C40B000D56A41 /* Calendar */ = {
			isa = PBXGroup;
			children = (
				30A348D023145AA30018DB13 /* CalendarTableViewCell.swift */,
				30CBF8D7230C347200D56A41 /* WeekDaysView.swift */,
				30AD9B28230AEF9100B39434 /* DayCell.swift */,
				30CBF8D4230C239100D56A41 /* MonthHeader.swift */,
				30B900562317FC3B000C0089 /* CalendarTableViewCellDelegate.swift */,
			);
			path = Calendar;
			sourceTree = "<group>";
		};
		4EB0A2306CA8B58B2EC642AA /* Frameworks */ = {
			isa = PBXGroup;
			children = (
				34F91807E7DBC8D75EE25897 /* Pods_MyBujo2_0.framework */,
				FB3BC72103D3420E61711362 /* Pods_MyBujo2_0Tests.framework */,
			);
			name = Frameworks;
			sourceTree = "<group>";
		};
		AB67AB252316A06800AACE89 /* MediaViews */ = {
			isa = PBXGroup;
			children = (
				30A348D52314609C0018DB13 /* MediaTableViewCell.swift */,
				ABC6819C2316AA6D0039E7CC /* MediaCollectionViewCell.swift */,
			);
			path = MediaViews;
			sourceTree = "<group>";
		};
		AB6A659F230AD990009CFE7E = {
			isa = PBXGroup;
			children = (
				AB6A65AA230AD990009CFE7E /* MyBujo2.0 */,
				AB6A65C2230AD994009CFE7E /* MyBujo2.0Tests */,
				AB6A65A9230AD990009CFE7E /* Products */,
				B10888BBE6C5CE81382D8853 /* Pods */,
				4EB0A2306CA8B58B2EC642AA /* Frameworks */,
				15EF7187230DA302001F79D9 /* Recovered References */,
			);
			sourceTree = "<group>";
		};
		AB6A65A9230AD990009CFE7E /* Products */ = {
			isa = PBXGroup;
			children = (
				AB6A65A8230AD990009CFE7E /* MyBujo2.0.app */,
				AB6A65BF230AD994009CFE7E /* MyBujo2.0Tests.xctest */,
			);
			name = Products;
			sourceTree = "<group>";
		};
		AB6A65AA230AD990009CFE7E /* MyBujo2.0 */ = {
			isa = PBXGroup;
			children = (
				30230345231EA8F7001A45F4 /* MyBujo2.0.entitlements */,
				E8FF9D452316C538006C2B49 /* Extension */,
				15C339C3230D8A04009ED5CD /* Protocols */,
				30CBF8D6230C344600D56A41 /* fonts */,
				30AD9B1E230AE12100B39434 /* Utils */,
				30AD9B1D230AE11800B39434 /* Controllers */,
				30AD9B1C230AE10C00B39434 /* Views */,
				30B9005823184235000C0089 /* Models */,
				AB6A65AB230AD990009CFE7E /* AppDelegate.swift */,
				AB6A65B5230AD994009CFE7E /* Assets.xcassets */,
				AB6A65B7230AD994009CFE7E /* LaunchScreen.storyboard */,
				AB6A65BA230AD994009CFE7E /* Info.plist */,
				AB6A65B2230AD990009CFE7E /* MyBujo2_0.xcdatamodeld */,
			);
			path = MyBujo2.0;
			sourceTree = "<group>";
		};
		AB6A65C2230AD994009CFE7E /* MyBujo2.0Tests */ = {
			isa = PBXGroup;
			children = (
				AB6A65C3230AD994009CFE7E /* MyBujo2_0Tests.swift */,
				AB6A65C5230AD994009CFE7E /* Info.plist */,
			);
			path = MyBujo2.0Tests;
			sourceTree = "<group>";
		};
		B10888BBE6C5CE81382D8853 /* Pods */ = {
			isa = PBXGroup;
			children = (
				ECE48980FB9CFE37C8EEA7BF /* Pods-MyBujo2.0.debug.xcconfig */,
				D4A2D3033DEB8B4DDF9B1BEE /* Pods-MyBujo2.0.release.xcconfig */,
				5FF6BF279798F24CD8DECC74 /* Pods-MyBujo2.0Tests.debug.xcconfig */,
				47DE8298B37C3D17CC42DD22 /* Pods-MyBujo2.0Tests.release.xcconfig */,
			);
			path = Pods;
			sourceTree = "<group>";
		};
		E8535A0023156234009AB979 /* NotesViews */ = {
			isa = PBXGroup;
			children = (
				E8535A0123156252009AB979 /* NotesView.swift */,
			);
			path = NotesViews;
			sourceTree = "<group>";
		};
		E8FF9D452316C538006C2B49 /* Extension */ = {
			isa = PBXGroup;
			children = (
				30B9005F23185600000C0089 /* DateExtension.swift */,
				E811D12D232004E600FBCAC8 /* UiButton+Extension.swift */,
				E811D131232096F800FBCAC8 /* UiLabel+Extension.swift */,
				E8FF9D462316C55D006C2B49 /* UiView+Extension.swift */,
				E813C1A62322A5F0002F170D /* NavigationButton.swift */,
			);
			path = Extension;
			sourceTree = "<group>";
		};
/* End PBXGroup section */

/* Begin PBXNativeTarget section */
		AB6A65A7230AD990009CFE7E /* MyBujo2.0 */ = {
			isa = PBXNativeTarget;
			buildConfigurationList = AB6A65C8230AD994009CFE7E /* Build configuration list for PBXNativeTarget "MyBujo2.0" */;
			buildPhases = (
				0EB5B137F22F963265EEDB22 /* [CP] Check Pods Manifest.lock */,
				AB6A65A4230AD990009CFE7E /* Sources */,
				AB6A65A5230AD990009CFE7E /* Frameworks */,
				AB6A65A6230AD990009CFE7E /* Resources */,
				634A580F365AC6056F273931 /* [CP] Embed Pods Frameworks */,
				AB3FBDD9231412F30072A5EC /* Swift Lint */,
			);
			buildRules = (
			);
			dependencies = (
			);
			name = MyBujo2.0;
			productName = MyBujo2.0;
			productReference = AB6A65A8230AD990009CFE7E /* MyBujo2.0.app */;
			productType = "com.apple.product-type.application";
		};
		AB6A65BE230AD994009CFE7E /* MyBujo2.0Tests */ = {
			isa = PBXNativeTarget;
			buildConfigurationList = AB6A65CB230AD994009CFE7E /* Build configuration list for PBXNativeTarget "MyBujo2.0Tests" */;
			buildPhases = (
				8256DC58375C90401BCD579D /* [CP] Check Pods Manifest.lock */,
				AB6A65BB230AD994009CFE7E /* Sources */,
				AB6A65BC230AD994009CFE7E /* Frameworks */,
				AB6A65BD230AD994009CFE7E /* Resources */,
			);
			buildRules = (
			);
			dependencies = (
				AB6A65C1230AD994009CFE7E /* PBXTargetDependency */,
			);
			name = MyBujo2.0Tests;
			productName = MyBujo2.0Tests;
			productReference = AB6A65BF230AD994009CFE7E /* MyBujo2.0Tests.xctest */;
			productType = "com.apple.product-type.bundle.unit-test";
		};
/* End PBXNativeTarget section */

/* Begin PBXProject section */
		AB6A65A0230AD990009CFE7E /* Project object */ = {
			isa = PBXProject;
			attributes = {
				LastSwiftUpdateCheck = 1020;
				LastUpgradeCheck = 1020;
				ORGANIZATIONNAME = "Gabriel Palhares";
				TargetAttributes = {
					AB6A65A7230AD990009CFE7E = {
						CreatedOnToolsVersion = 10.2.1;
						SystemCapabilities = {
							com.apple.Push = {
								enabled = 0;
							};
						};
					};
					AB6A65BE230AD994009CFE7E = {
						CreatedOnToolsVersion = 10.2.1;
						TestTargetID = AB6A65A7230AD990009CFE7E;
					};
				};
			};
			buildConfigurationList = AB6A65A3230AD990009CFE7E /* Build configuration list for PBXProject "MyBujo2.0" */;
			compatibilityVersion = "Xcode 9.3";
			developmentRegion = en;
			hasScannedForEncodings = 0;
			knownRegions = (
				en,
				Base,
			);
			mainGroup = AB6A659F230AD990009CFE7E;
			productRefGroup = AB6A65A9230AD990009CFE7E /* Products */;
			projectDirPath = "";
			projectRoot = "";
			targets = (
				AB6A65A7230AD990009CFE7E /* MyBujo2.0 */,
				AB6A65BE230AD994009CFE7E /* MyBujo2.0Tests */,
			);
		};
/* End PBXProject section */

/* Begin PBXResourcesBuildPhase section */
		AB6A65A6230AD990009CFE7E /* Resources */ = {
			isa = PBXResourcesBuildPhase;
			buildActionMask = 2147483647;
			files = (
				AB6A65B9230AD994009CFE7E /* LaunchScreen.storyboard in Resources */,
				AB6A65B6230AD994009CFE7E /* Assets.xcassets in Resources */,
			);
			runOnlyForDeploymentPostprocessing = 0;
		};
		AB6A65BD230AD994009CFE7E /* Resources */ = {
			isa = PBXResourcesBuildPhase;
			buildActionMask = 2147483647;
			files = (
			);
			runOnlyForDeploymentPostprocessing = 0;
		};
/* End PBXResourcesBuildPhase section */

/* Begin PBXShellScriptBuildPhase section */
		0EB5B137F22F963265EEDB22 /* [CP] Check Pods Manifest.lock */ = {
			isa = PBXShellScriptBuildPhase;
			buildActionMask = 2147483647;
			files = (
			);
			inputFileListPaths = (
			);
			inputPaths = (
				"${PODS_PODFILE_DIR_PATH}/Podfile.lock",
				"${PODS_ROOT}/Manifest.lock",
			);
			name = "[CP] Check Pods Manifest.lock";
			outputFileListPaths = (
			);
			outputPaths = (
				"$(DERIVED_FILE_DIR)/Pods-MyBujo2.0-checkManifestLockResult.txt",
			);
			runOnlyForDeploymentPostprocessing = 0;
			shellPath = /bin/sh;
			shellScript = "diff \"${PODS_PODFILE_DIR_PATH}/Podfile.lock\" \"${PODS_ROOT}/Manifest.lock\" > /dev/null\nif [ $? != 0 ] ; then\n    # print error to STDERR\n    echo \"error: The sandbox is not in sync with the Podfile.lock. Run 'pod install' or update your CocoaPods installation.\" >&2\n    exit 1\nfi\n# This output is used by Xcode 'outputs' to avoid re-running this script phase.\necho \"SUCCESS\" > \"${SCRIPT_OUTPUT_FILE_0}\"\n";
			showEnvVarsInLog = 0;
		};
		634A580F365AC6056F273931 /* [CP] Embed Pods Frameworks */ = {
			isa = PBXShellScriptBuildPhase;
			buildActionMask = 2147483647;
			files = (
			);
			inputFileListPaths = (
				"${PODS_ROOT}/Target Support Files/Pods-MyBujo2.0/Pods-MyBujo2.0-frameworks-${CONFIGURATION}-input-files.xcfilelist",
			);
			name = "[CP] Embed Pods Frameworks";
			outputFileListPaths = (
				"${PODS_ROOT}/Target Support Files/Pods-MyBujo2.0/Pods-MyBujo2.0-frameworks-${CONFIGURATION}-output-files.xcfilelist",
			);
			runOnlyForDeploymentPostprocessing = 0;
			shellPath = /bin/sh;
			shellScript = "\"${PODS_ROOT}/Target Support Files/Pods-MyBujo2.0/Pods-MyBujo2.0-frameworks.sh\"\n";
			showEnvVarsInLog = 0;
		};
		8256DC58375C90401BCD579D /* [CP] Check Pods Manifest.lock */ = {
			isa = PBXShellScriptBuildPhase;
			buildActionMask = 2147483647;
			files = (
			);
			inputFileListPaths = (
			);
			inputPaths = (
				"${PODS_PODFILE_DIR_PATH}/Podfile.lock",
				"${PODS_ROOT}/Manifest.lock",
			);
			name = "[CP] Check Pods Manifest.lock";
			outputFileListPaths = (
			);
			outputPaths = (
				"$(DERIVED_FILE_DIR)/Pods-MyBujo2.0Tests-checkManifestLockResult.txt",
			);
			runOnlyForDeploymentPostprocessing = 0;
			shellPath = /bin/sh;
			shellScript = "diff \"${PODS_PODFILE_DIR_PATH}/Podfile.lock\" \"${PODS_ROOT}/Manifest.lock\" > /dev/null\nif [ $? != 0 ] ; then\n    # print error to STDERR\n    echo \"error: The sandbox is not in sync with the Podfile.lock. Run 'pod install' or update your CocoaPods installation.\" >&2\n    exit 1\nfi\n# This output is used by Xcode 'outputs' to avoid re-running this script phase.\necho \"SUCCESS\" > \"${SCRIPT_OUTPUT_FILE_0}\"\n";
			showEnvVarsInLog = 0;
		};
		AB3FBDD9231412F30072A5EC /* Swift Lint */ = {
			isa = PBXShellScriptBuildPhase;
			buildActionMask = 2147483647;
			files = (
			);
			inputFileListPaths = (
			);
			inputPaths = (
			);
			name = "Swift Lint";
			outputFileListPaths = (
			);
			outputPaths = (
			);
			runOnlyForDeploymentPostprocessing = 0;
			shellPath = /bin/sh;
			shellScript = "if which swiftlint >/dev/null; then\nswiftlint\nelse\necho \"warning: SwiftLint not installed, download from https://github.com/realm/SwiftLint\"\nfi\n";
		};
/* End PBXShellScriptBuildPhase section */

/* Begin PBXSourcesBuildPhase section */
		AB6A65A4230AD990009CFE7E /* Sources */ = {
			isa = PBXSourcesBuildPhase;
			buildActionMask = 2147483647;
			files = (
				1549195A231D44EE00766609 /* NewFeelingViewController.swift in Sources */,
				15491960231D508000766609 /* FeelingsCardView.swift in Sources */,
				30B9005A2318424A000C0089 /* DayExtension.swift in Sources */,
				1511F76A230C3E9C0056E715 /* MasterViewController.swift in Sources */,
				AB6A65AE230AD990009CFE7E /* MyJourneyViewController.swift in Sources */,
				AB6A65AC230AD990009CFE7E /* AppDelegate.swift in Sources */,
				15C339C5230D8A14009ED5CD /* ViewCode.swift in Sources */,
				AB6A65B4230AD991009CFE7E /* MyBujo2_0.xcdatamodeld in Sources */,
				1516C18F231555E5002EC623 /* TableViewHeaderView.swift in Sources */,
				E8535A0223156252009AB979 /* NotesView.swift in Sources */,
				15EF7189230DA7BA001F79D9 /* MyTodayViewController.swift in Sources */,
				30A348D62314609C0018DB13 /* MediaTableViewCell.swift in Sources */,
				ABC6819D2316AA6D0039E7CC /* MediaCollectionViewCell.swift in Sources */,
				E811D12E232004E600FBCAC8 /* UiButton+Extension.swift in Sources */,
				15DFF5C72316FB8200F70860 /* Blurable.swift in Sources */,
				30B9005E23184666000C0089 /* MediaExtension.swift in Sources */,
				153F8CB3230C477E001C0CB3 /* CustomSplitViewController.swift in Sources */,
				301F35352316AAC500AD5477 /* CoreDataManager.swift in Sources */,
				30A348D123145AA30018DB13 /* CalendarTableViewCell.swift in Sources */,
				15347D37231D8E8F00848335 /* FeelingsView.swift in Sources */,
				30ADD66D231D396D001CAF1C /* Delegates.swift in Sources */,
				E8FF9D472316C55D006C2B49 /* UiView+Extension.swift in Sources */,
				1549195E231D4B8C00766609 /* FeelingView.swift in Sources */,
				E811D1302320952900FBCAC8 /* NewGoalViewControllerDelegate.swift in Sources */,
				30AD9B29230AEF9100B39434 /* DayCell.swift in Sources */,
				154B139323143B3600F03C6C /* GoalTableViewCell.swift in Sources */,
				1516C18C23154851002EC623 /* GoalsTableViewCell.swift in Sources */,
				AB79C0212317FFB40077A21E /* DismissControllerDelegate.swift in Sources */,
				30B9005C231842A0000C0089 /* GoalExtension.swift in Sources */,
				15341D842315C28B005E7328 /* HeaderViewFactory.swift in Sources */,
				AB79C01F2317F1590077A21E /* MediaCollectionViewDelegate.swift in Sources */,
				30CBF8D8230C347200D56A41 /* WeekDaysView.swift in Sources */,
				30AD9B27230AE98B00B39434 /* CalendarManager.swift in Sources */,
				1549195823193EDD00766609 /* FormView.swift in Sources */,
				30B900572317FC3B000C0089 /* CalendarTableViewCellDelegate.swift in Sources */,
				E8535A04231562AB009AB979 /* NotesViewController.swift in Sources */,
				30B9006023185600000C0089 /* DateExtension.swift in Sources */,
				30CBF8D5230C239100D56A41 /* MonthHeader.swift in Sources */,
				301149102315721C0099E845 /* ShadowView.swift in Sources */,
				15DFF5C52316C3AD00F70860 /* NewGoalViewController.swift in Sources */,
				E811D132232096F800FBCAC8 /* UiLabel+Extension.swift in Sources */,
				E813C1A72322A5F0002F170D /* NavigationButton.swift in Sources */,
				3050424E230C879D0037AFB0 /* ShadowProtocol.swift in Sources */,
			);
			runOnlyForDeploymentPostprocessing = 0;
		};
		AB6A65BB230AD994009CFE7E /* Sources */ = {
			isa = PBXSourcesBuildPhase;
			buildActionMask = 2147483647;
			files = (
				AB6A65C4230AD994009CFE7E /* MyBujo2_0Tests.swift in Sources */,
			);
			runOnlyForDeploymentPostprocessing = 0;
		};
/* End PBXSourcesBuildPhase section */

/* Begin PBXTargetDependency section */
		AB6A65C1230AD994009CFE7E /* PBXTargetDependency */ = {
			isa = PBXTargetDependency;
			target = AB6A65A7230AD990009CFE7E /* MyBujo2.0 */;
			targetProxy = AB6A65C0230AD994009CFE7E /* PBXContainerItemProxy */;
		};
/* End PBXTargetDependency section */

/* Begin PBXVariantGroup section */
		AB6A65B7230AD994009CFE7E /* LaunchScreen.storyboard */ = {
			isa = PBXVariantGroup;
			children = (
				AB6A65B8230AD994009CFE7E /* Base */,
			);
			name = LaunchScreen.storyboard;
			sourceTree = "<group>";
		};
/* End PBXVariantGroup section */

/* Begin XCBuildConfiguration section */
		AB6A65C6230AD994009CFE7E /* Debug */ = {
			isa = XCBuildConfiguration;
			buildSettings = {
				ALWAYS_SEARCH_USER_PATHS = NO;
				CLANG_ANALYZER_NONNULL = YES;
				CLANG_ANALYZER_NUMBER_OBJECT_CONVERSION = YES_AGGRESSIVE;
				CLANG_CXX_LANGUAGE_STANDARD = "gnu++14";
				CLANG_CXX_LIBRARY = "libc++";
				CLANG_ENABLE_MODULES = YES;
				CLANG_ENABLE_OBJC_ARC = YES;
				CLANG_ENABLE_OBJC_WEAK = YES;
				CLANG_WARN_BLOCK_CAPTURE_AUTORELEASING = YES;
				CLANG_WARN_BOOL_CONVERSION = YES;
				CLANG_WARN_COMMA = YES;
				CLANG_WARN_CONSTANT_CONVERSION = YES;
				CLANG_WARN_DEPRECATED_OBJC_IMPLEMENTATIONS = YES;
				CLANG_WARN_DIRECT_OBJC_ISA_USAGE = YES_ERROR;
				CLANG_WARN_DOCUMENTATION_COMMENTS = YES;
				CLANG_WARN_EMPTY_BODY = YES;
				CLANG_WARN_ENUM_CONVERSION = YES;
				CLANG_WARN_INFINITE_RECURSION = YES;
				CLANG_WARN_INT_CONVERSION = YES;
				CLANG_WARN_NON_LITERAL_NULL_CONVERSION = YES;
				CLANG_WARN_OBJC_IMPLICIT_RETAIN_SELF = YES;
				CLANG_WARN_OBJC_LITERAL_CONVERSION = YES;
				CLANG_WARN_OBJC_ROOT_CLASS = YES_ERROR;
				CLANG_WARN_RANGE_LOOP_ANALYSIS = YES;
				CLANG_WARN_STRICT_PROTOTYPES = YES;
				CLANG_WARN_SUSPICIOUS_MOVE = YES;
				CLANG_WARN_UNGUARDED_AVAILABILITY = YES_AGGRESSIVE;
				CLANG_WARN_UNREACHABLE_CODE = YES;
				CLANG_WARN__DUPLICATE_METHOD_MATCH = YES;
				CODE_SIGN_IDENTITY = "iPhone Developer";
				COPY_PHASE_STRIP = NO;
				DEBUG_INFORMATION_FORMAT = dwarf;
				ENABLE_STRICT_OBJC_MSGSEND = YES;
				ENABLE_TESTABILITY = YES;
				GCC_C_LANGUAGE_STANDARD = gnu11;
				GCC_DYNAMIC_NO_PIC = NO;
				GCC_NO_COMMON_BLOCKS = YES;
				GCC_OPTIMIZATION_LEVEL = 0;
				GCC_PREPROCESSOR_DEFINITIONS = (
					"DEBUG=1",
					"$(inherited)",
				);
				GCC_WARN_64_TO_32_BIT_CONVERSION = YES;
				GCC_WARN_ABOUT_RETURN_TYPE = YES_ERROR;
				GCC_WARN_UNDECLARED_SELECTOR = YES;
				GCC_WARN_UNINITIALIZED_AUTOS = YES_AGGRESSIVE;
				GCC_WARN_UNUSED_FUNCTION = YES;
				GCC_WARN_UNUSED_VARIABLE = YES;
				IPHONEOS_DEPLOYMENT_TARGET = 12.2;
				MTL_ENABLE_DEBUG_INFO = INCLUDE_SOURCE;
				MTL_FAST_MATH = YES;
				ONLY_ACTIVE_ARCH = YES;
				SDKROOT = iphoneos;
				SWIFT_ACTIVE_COMPILATION_CONDITIONS = DEBUG;
				SWIFT_OPTIMIZATION_LEVEL = "-Onone";
			};
			name = Debug;
		};
		AB6A65C7230AD994009CFE7E /* Release */ = {
			isa = XCBuildConfiguration;
			buildSettings = {
				ALWAYS_SEARCH_USER_PATHS = NO;
				CLANG_ANALYZER_NONNULL = YES;
				CLANG_ANALYZER_NUMBER_OBJECT_CONVERSION = YES_AGGRESSIVE;
				CLANG_CXX_LANGUAGE_STANDARD = "gnu++14";
				CLANG_CXX_LIBRARY = "libc++";
				CLANG_ENABLE_MODULES = YES;
				CLANG_ENABLE_OBJC_ARC = YES;
				CLANG_ENABLE_OBJC_WEAK = YES;
				CLANG_WARN_BLOCK_CAPTURE_AUTORELEASING = YES;
				CLANG_WARN_BOOL_CONVERSION = YES;
				CLANG_WARN_COMMA = YES;
				CLANG_WARN_CONSTANT_CONVERSION = YES;
				CLANG_WARN_DEPRECATED_OBJC_IMPLEMENTATIONS = YES;
				CLANG_WARN_DIRECT_OBJC_ISA_USAGE = YES_ERROR;
				CLANG_WARN_DOCUMENTATION_COMMENTS = YES;
				CLANG_WARN_EMPTY_BODY = YES;
				CLANG_WARN_ENUM_CONVERSION = YES;
				CLANG_WARN_INFINITE_RECURSION = YES;
				CLANG_WARN_INT_CONVERSION = YES;
				CLANG_WARN_NON_LITERAL_NULL_CONVERSION = YES;
				CLANG_WARN_OBJC_IMPLICIT_RETAIN_SELF = YES;
				CLANG_WARN_OBJC_LITERAL_CONVERSION = YES;
				CLANG_WARN_OBJC_ROOT_CLASS = YES_ERROR;
				CLANG_WARN_RANGE_LOOP_ANALYSIS = YES;
				CLANG_WARN_STRICT_PROTOTYPES = YES;
				CLANG_WARN_SUSPICIOUS_MOVE = YES;
				CLANG_WARN_UNGUARDED_AVAILABILITY = YES_AGGRESSIVE;
				CLANG_WARN_UNREACHABLE_CODE = YES;
				CLANG_WARN__DUPLICATE_METHOD_MATCH = YES;
				CODE_SIGN_IDENTITY = "iPhone Developer";
				COPY_PHASE_STRIP = NO;
				DEBUG_INFORMATION_FORMAT = "dwarf-with-dsym";
				ENABLE_NS_ASSERTIONS = NO;
				ENABLE_STRICT_OBJC_MSGSEND = YES;
				GCC_C_LANGUAGE_STANDARD = gnu11;
				GCC_NO_COMMON_BLOCKS = YES;
				GCC_WARN_64_TO_32_BIT_CONVERSION = YES;
				GCC_WARN_ABOUT_RETURN_TYPE = YES_ERROR;
				GCC_WARN_UNDECLARED_SELECTOR = YES;
				GCC_WARN_UNINITIALIZED_AUTOS = YES_AGGRESSIVE;
				GCC_WARN_UNUSED_FUNCTION = YES;
				GCC_WARN_UNUSED_VARIABLE = YES;
				IPHONEOS_DEPLOYMENT_TARGET = 12.2;
				MTL_ENABLE_DEBUG_INFO = NO;
				MTL_FAST_MATH = YES;
				SDKROOT = iphoneos;
				SWIFT_COMPILATION_MODE = wholemodule;
				SWIFT_OPTIMIZATION_LEVEL = "-O";
				VALIDATE_PRODUCT = YES;
			};
			name = Release;
		};
		AB6A65C9230AD994009CFE7E /* Debug */ = {
			isa = XCBuildConfiguration;
			baseConfigurationReference = ECE48980FB9CFE37C8EEA7BF /* Pods-MyBujo2.0.debug.xcconfig */;
			buildSettings = {
				ASSETCATALOG_COMPILER_APPICON_NAME = AppIcon;
				CODE_SIGN_IDENTITY = "iPhone Developer";
				CODE_SIGN_STYLE = Automatic;
				DEVELOPMENT_TEAM = C2BTWK9QR9;
				INFOPLIST_FILE = MyBujo2.0/Info.plist;
				LD_RUNPATH_SEARCH_PATHS = (
					"$(inherited)",
					"@executable_path/Frameworks",
				);
				PRODUCT_BUNDLE_IDENTIFIER = trap.MyBujo;
				PRODUCT_NAME = "$(TARGET_NAME)";
				PROVISIONING_PROFILE_SPECIFIER = "";
				SWIFT_VERSION = 5.0;
				TARGETED_DEVICE_FAMILY = "1,2";
			};
			name = Debug;
		};
		AB6A65CA230AD994009CFE7E /* Release */ = {
			isa = XCBuildConfiguration;
			baseConfigurationReference = D4A2D3033DEB8B4DDF9B1BEE /* Pods-MyBujo2.0.release.xcconfig */;
			buildSettings = {
				ASSETCATALOG_COMPILER_APPICON_NAME = AppIcon;
				CODE_SIGN_IDENTITY = "iPhone Developer";
				CODE_SIGN_STYLE = Automatic;
				DEVELOPMENT_TEAM = C2BTWK9QR9;
				INFOPLIST_FILE = MyBujo2.0/Info.plist;
				LD_RUNPATH_SEARCH_PATHS = (
					"$(inherited)",
					"@executable_path/Frameworks",
				);
				PRODUCT_BUNDLE_IDENTIFIER = trap.MyBujo;
				PRODUCT_NAME = "$(TARGET_NAME)";
				PROVISIONING_PROFILE_SPECIFIER = "";
				SWIFT_VERSION = 5.0;
				TARGETED_DEVICE_FAMILY = "1,2";
			};
			name = Release;
		};
		AB6A65CC230AD994009CFE7E /* Debug */ = {
			isa = XCBuildConfiguration;
			baseConfigurationReference = 5FF6BF279798F24CD8DECC74 /* Pods-MyBujo2.0Tests.debug.xcconfig */;
			buildSettings = {
				ALWAYS_EMBED_SWIFT_STANDARD_LIBRARIES = YES;
				BUNDLE_LOADER = "$(TEST_HOST)";
				CODE_SIGN_STYLE = Automatic;
				DEVELOPMENT_TEAM = 6Z5CB5T6U7;
				INFOPLIST_FILE = MyBujo2.0Tests/Info.plist;
				LD_RUNPATH_SEARCH_PATHS = (
					"$(inherited)",
					"@executable_path/Frameworks",
					"@loader_path/Frameworks",
				);
				PRODUCT_BUNDLE_IDENTIFIER = "Gabriel-Palhares.MyBujo2-0Tests";
				PRODUCT_NAME = "$(TARGET_NAME)";
				SWIFT_VERSION = 5.0;
				TARGETED_DEVICE_FAMILY = "1,2";
				TEST_HOST = "$(BUILT_PRODUCTS_DIR)/MyBujo2.0.app/MyBujo2.0";
			};
			name = Debug;
		};
		AB6A65CD230AD994009CFE7E /* Release */ = {
			isa = XCBuildConfiguration;
			baseConfigurationReference = 47DE8298B37C3D17CC42DD22 /* Pods-MyBujo2.0Tests.release.xcconfig */;
			buildSettings = {
				ALWAYS_EMBED_SWIFT_STANDARD_LIBRARIES = YES;
				BUNDLE_LOADER = "$(TEST_HOST)";
				CODE_SIGN_STYLE = Automatic;
				DEVELOPMENT_TEAM = 6Z5CB5T6U7;
				INFOPLIST_FILE = MyBujo2.0Tests/Info.plist;
				LD_RUNPATH_SEARCH_PATHS = (
					"$(inherited)",
					"@executable_path/Frameworks",
					"@loader_path/Frameworks",
				);
				PRODUCT_BUNDLE_IDENTIFIER = "Gabriel-Palhares.MyBujo2-0Tests";
				PRODUCT_NAME = "$(TARGET_NAME)";
				SWIFT_VERSION = 5.0;
				TARGETED_DEVICE_FAMILY = "1,2";
				TEST_HOST = "$(BUILT_PRODUCTS_DIR)/MyBujo2.0.app/MyBujo2.0";
			};
			name = Release;
		};
/* End XCBuildConfiguration section */

/* Begin XCConfigurationList section */
		AB6A65A3230AD990009CFE7E /* Build configuration list for PBXProject "MyBujo2.0" */ = {
			isa = XCConfigurationList;
			buildConfigurations = (
				AB6A65C6230AD994009CFE7E /* Debug */,
				AB6A65C7230AD994009CFE7E /* Release */,
			);
			defaultConfigurationIsVisible = 0;
			defaultConfigurationName = Release;
		};
		AB6A65C8230AD994009CFE7E /* Build configuration list for PBXNativeTarget "MyBujo2.0" */ = {
			isa = XCConfigurationList;
			buildConfigurations = (
				AB6A65C9230AD994009CFE7E /* Debug */,
				AB6A65CA230AD994009CFE7E /* Release */,
			);
			defaultConfigurationIsVisible = 0;
			defaultConfigurationName = Release;
		};
		AB6A65CB230AD994009CFE7E /* Build configuration list for PBXNativeTarget "MyBujo2.0Tests" */ = {
			isa = XCConfigurationList;
			buildConfigurations = (
				AB6A65CC230AD994009CFE7E /* Debug */,
				AB6A65CD230AD994009CFE7E /* Release */,
			);
			defaultConfigurationIsVisible = 0;
			defaultConfigurationName = Release;
		};
/* End XCConfigurationList section */

/* Begin XCVersionGroup section */
		AB6A65B2230AD990009CFE7E /* MyBujo2_0.xcdatamodeld */ = {
			isa = XCVersionGroup;
			children = (
				AB6A65B3230AD990009CFE7E /* MyBujo2_0.xcdatamodel */,
			);
			currentVersion = AB6A65B3230AD990009CFE7E /* MyBujo2_0.xcdatamodel */;
			path = MyBujo2_0.xcdatamodeld;
			sourceTree = "<group>";
			versionGroupType = wrapper.xcdatamodel;
		};
/* End XCVersionGroup section */
	};
	rootObject = AB6A65A0230AD990009CFE7E /* Project object */;
}
