// !$*UTF8*$!
{
	archiveVersion = 1;
	classes = {
	};
	objectVersion = 51;
	objects = {

/* Begin PBXBuildFile section */
		1511F76A230C3E9C0056E715 /* MasterViewController.swift in Sources */ = {isa = PBXBuildFile; fileRef = 1511F769230C3E9C0056E715 /* MasterViewController.swift */; };
		1516C18C23154851002EC623 /* GoalsTableViewCell.swift in Sources */ = {isa = PBXBuildFile; fileRef = 1516C18B23154851002EC623 /* GoalsTableViewCell.swift */; };
		1516C18F231555E5002EC623 /* TableViewHeaderView.swift in Sources */ = {isa = PBXBuildFile; fileRef = 1516C18E231555E5002EC623 /* TableViewHeaderView.swift */; };
		15341D842315C28B005E7328 /* HeaderViewFactory.swift in Sources */ = {isa = PBXBuildFile; fileRef = 15341D832315C28B005E7328 /* HeaderViewFactory.swift */; };
		15347D37231D8E8F00848335 /* FeelingsView.swift in Sources */ = {isa = PBXBuildFile; fileRef = 15347D36231D8E8F00848335 /* FeelingsView.swift */; };
		153F8CB3230C477E001C0CB3 /* CustomSplitViewController.swift in Sources */ = {isa = PBXBuildFile; fileRef = 153F8CB2230C477E001C0CB3 /* CustomSplitViewController.swift */; };
		1549195823193EDD00766609 /* FormView.swift in Sources */ = {isa = PBXBuildFile; fileRef = 1549195723193EDD00766609 /* FormView.swift */; };
		1549195A231D44EE00766609 /* NewFeelingViewController.swift in Sources */ = {isa = PBXBuildFile; fileRef = 15491959231D44EE00766609 /* NewFeelingViewController.swift */; };
		1549195E231D4B8C00766609 /* FeelingView.swift in Sources */ = {isa = PBXBuildFile; fileRef = 1549195D231D4B8C00766609 /* FeelingView.swift */; };
		15491960231D508000766609 /* FeelingsCardView.swift in Sources */ = {isa = PBXBuildFile; fileRef = 1549195F231D508000766609 /* FeelingsCardView.swift */; };
		154B139323143B3600F03C6C /* GoalTableViewCell.swift in Sources */ = {isa = PBXBuildFile; fileRef = 154B139223143B3600F03C6C /* GoalTableViewCell.swift */; };
		157D9D69232A9285009659F4 /* CaptureCollectionViewCell.swift in Sources */ = {isa = PBXBuildFile; fileRef = 157D9D68232A9285009659F4 /* CaptureCollectionViewCell.swift */; };
		157F4540232AEDE8007BC8D4 /* NewBaseViewController.swift in Sources */ = {isa = PBXBuildFile; fileRef = 157F453F232AEDE8007BC8D4 /* NewBaseViewController.swift */; };
		159DB6F7233CF0C600CD9D5F /* VideosViewController.swift in Sources */ = {isa = PBXBuildFile; fileRef = 159DB6F6233CF0C600CD9D5F /* VideosViewController.swift */; };
		159DB6FA233CF16400CD9D5F /* GalleryViewController.swift in Sources */ = {isa = PBXBuildFile; fileRef = 159DB6F9233CF16400CD9D5F /* GalleryViewController.swift */; };
		15B4C04A2327E294009B6067 /* CapturesViewController.swift in Sources */ = {isa = PBXBuildFile; fileRef = 15B4C0492327E294009B6067 /* CapturesViewController.swift */; };
		15C339C5230D8A14009ED5CD /* ViewCode.swift in Sources */ = {isa = PBXBuildFile; fileRef = 15C339C4230D8A14009ED5CD /* ViewCode.swift */; };
		15DA58902338FBE300009949 /* NewPhotoCollectionViewCell.swift in Sources */ = {isa = PBXBuildFile; fileRef = 15DA588F2338FBE300009949 /* NewPhotoCollectionViewCell.swift */; };
		15DA589223390ADA00009949 /* CapturesViewController+ImagePickerController.swift in Sources */ = {isa = PBXBuildFile; fileRef = 15DA589123390ADA00009949 /* CapturesViewController+ImagePickerController.swift */; };
		15DFF5C52316C3AD00F70860 /* NewGoalViewController.swift in Sources */ = {isa = PBXBuildFile; fileRef = 15DFF5C42316C3AD00F70860 /* NewGoalViewController.swift */; };
		15DFF5C72316FB8200F70860 /* Blurable.swift in Sources */ = {isa = PBXBuildFile; fileRef = 15DFF5C62316FB8200F70860 /* Blurable.swift */; };
		15E6195F2329370800C5E96D /* BlurableModalAnimationController.swift in Sources */ = {isa = PBXBuildFile; fileRef = 15E6195E2329370800C5E96D /* BlurableModalAnimationController.swift */; };
		15EF7189230DA7BA001F79D9 /* MyTodayViewController.swift in Sources */ = {isa = PBXBuildFile; fileRef = 15EF7188230DA7BA001F79D9 /* MyTodayViewController.swift */; };
		300CAB7B2327C1E3002F066A /* DrawingViewController.swift in Sources */ = {isa = PBXBuildFile; fileRef = 300CAB7A2327C1E3002F066A /* DrawingViewController.swift */; };
		3010248E232A840700BBE978 /* AddGoalsAnimator.swift in Sources */ = {isa = PBXBuildFile; fileRef = 3010248D232A840700BBE978 /* AddGoalsAnimator.swift */; };
		301149102315721C0099E845 /* ShadowView.swift in Sources */ = {isa = PBXBuildFile; fileRef = 3011490F2315721C0099E845 /* ShadowView.swift */; };
		30117AD0233CE16200F0D5F1 /* MonthData.swift in Sources */ = {isa = PBXBuildFile; fileRef = 30117ACF233CE16200F0D5F1 /* MonthData.swift */; };
		30117AD3233CE18800F0D5F1 /* CalendarStructs.swift in Sources */ = {isa = PBXBuildFile; fileRef = 30117AD2233CE18800F0D5F1 /* CalendarStructs.swift */; };
		301F35352316AAC500AD5477 /* CoreDataManager.swift in Sources */ = {isa = PBXBuildFile; fileRef = 301F35342316AAC500AD5477 /* CoreDataManager.swift */; };
		3050424E230C879D0037AFB0 /* ShadowProtocol.swift in Sources */ = {isa = PBXBuildFile; fileRef = 3050424D230C879D0037AFB0 /* ShadowProtocol.swift */; };
		3074027B233257990058D997 /* HealthCollectionViewCell.swift in Sources */ = {isa = PBXBuildFile; fileRef = 3074027A233257990058D997 /* HealthCollectionViewCell.swift */; };
		3074027E2332583E0058D997 /* StatusView.swift in Sources */ = {isa = PBXBuildFile; fileRef = 3074027D2332583E0058D997 /* StatusView.swift */; };
		3074028123325CF30058D997 /* CustomizableLabel.swift in Sources */ = {isa = PBXBuildFile; fileRef = 3074028023325CF30058D997 /* CustomizableLabel.swift */; };
		30740283233270510058D997 /* HealthHeaderView.swift in Sources */ = {isa = PBXBuildFile; fileRef = 30740282233270510058D997 /* HealthHeaderView.swift */; };
		30740285233270CE0058D997 /* HealthStatusType.swift in Sources */ = {isa = PBXBuildFile; fileRef = 30740284233270CE0058D997 /* HealthStatusType.swift */; };
		308F6FCA2327C391008012AA /* TitleLabel.swift in Sources */ = {isa = PBXBuildFile; fileRef = 308F6FC92327C391008012AA /* TitleLabel.swift */; };
		308F6FCC2327C4AB008012AA /* ExitButton.swift in Sources */ = {isa = PBXBuildFile; fileRef = 308F6FCB2327C4AB008012AA /* ExitButton.swift */; };
		308F6FCE2327CAAD008012AA /* MediaViewController.swift in Sources */ = {isa = PBXBuildFile; fileRef = 308F6FCD2327CAAD008012AA /* MediaViewController.swift */; };
		308F6FD02327EB96008012AA /* CanvasLayoutExtension.swift in Sources */ = {isa = PBXBuildFile; fileRef = 308F6FCF2327EB96008012AA /* CanvasLayoutExtension.swift */; };
		3094B179233A57E400576EDF /* FocusedMediaViewController.swift in Sources */ = {isa = PBXBuildFile; fileRef = 3094B178233A57E400576EDF /* FocusedMediaViewController.swift */; };
		3094B17F233A5D9B00576EDF /* FocusedPhotoViewController.swift in Sources */ = {isa = PBXBuildFile; fileRef = 3094B17E233A5D9B00576EDF /* FocusedPhotoViewController.swift */; };
		309DC7F3233E3C9400F3218E /* FileManagerInitiable.swift in Sources */ = {isa = PBXBuildFile; fileRef = 309DC7F2233E3C9400F3218E /* FileManagerInitiable.swift */; };
		309DC7F5233E3CF800F3218E /* UIImageExtension.swift in Sources */ = {isa = PBXBuildFile; fileRef = 309DC7F4233E3CF800F3218E /* UIImageExtension.swift */; };
		30A348D123145AA30018DB13 /* CalendarTableViewCell.swift in Sources */ = {isa = PBXBuildFile; fileRef = 30A348D023145AA30018DB13 /* CalendarTableViewCell.swift */; };
		30A348D62314609C0018DB13 /* MediaTableViewCell.swift in Sources */ = {isa = PBXBuildFile; fileRef = 30A348D52314609C0018DB13 /* MediaTableViewCell.swift */; };
		30AD9B27230AE98B00B39434 /* CalendarManager.swift in Sources */ = {isa = PBXBuildFile; fileRef = 30AD9B26230AE98B00B39434 /* CalendarManager.swift */; };
		30AD9B29230AEF9100B39434 /* DayCell.swift in Sources */ = {isa = PBXBuildFile; fileRef = 30AD9B28230AEF9100B39434 /* DayCell.swift */; };
		30ADD66D231D396D001CAF1C /* Delegates.swift in Sources */ = {isa = PBXBuildFile; fileRef = 30ADD66C231D396D001CAF1C /* Delegates.swift */; };
		30B900572317FC3B000C0089 /* CalendarTableViewCellDelegate.swift in Sources */ = {isa = PBXBuildFile; fileRef = 30B900562317FC3B000C0089 /* CalendarTableViewCellDelegate.swift */; };
		30B9005A2318424A000C0089 /* DayExtension.swift in Sources */ = {isa = PBXBuildFile; fileRef = 30B900592318424A000C0089 /* DayExtension.swift */; };
		30B9005C231842A0000C0089 /* GoalExtension.swift in Sources */ = {isa = PBXBuildFile; fileRef = 30B9005B231842A0000C0089 /* GoalExtension.swift */; };
		30B9006023185600000C0089 /* DateExtension.swift in Sources */ = {isa = PBXBuildFile; fileRef = 30B9005F23185600000C0089 /* DateExtension.swift */; };
		30C6FD992331203500F69F79 /* Media+CoreDataProperties.swift in Sources */ = {isa = PBXBuildFile; fileRef = 30C6FD972331203500F69F79 /* Media+CoreDataProperties.swift */; };
		30C6FD9A2331203500F69F79 /* Media+CoreDataClass.swift in Sources */ = {isa = PBXBuildFile; fileRef = 30C6FD982331203500F69F79 /* Media+CoreDataClass.swift */; };
		30C6FD9C233122FF00F69F79 /* FileManagerExtension.swift in Sources */ = {isa = PBXBuildFile; fileRef = 30C6FD9B233122FF00F69F79 /* FileManagerExtension.swift */; };
		30CBF8D5230C239100D56A41 /* MonthHeader.swift in Sources */ = {isa = PBXBuildFile; fileRef = 30CBF8D4230C239100D56A41 /* MonthHeader.swift */; };
		30CBF8D8230C347200D56A41 /* WeekDaysView.swift in Sources */ = {isa = PBXBuildFile; fileRef = 30CBF8D7230C347200D56A41 /* WeekDaysView.swift */; };
		30F091FC4D6DD65676165420 /* Pods_MyBujo2_0.framework in Frameworks */ = {isa = PBXBuildFile; fileRef = 7073002E8EAFF65F0E78C213 /* Pods_MyBujo2_0.framework */; };
		86B2717C09121F8791F4DCB7 /* Pods_MyBujo2_0Tests.framework in Frameworks */ = {isa = PBXBuildFile; fileRef = B255C441080AC122C15A5C5B /* Pods_MyBujo2_0Tests.framework */; };
		AB6A65AC230AD990009CFE7E /* AppDelegate.swift in Sources */ = {isa = PBXBuildFile; fileRef = AB6A65AB230AD990009CFE7E /* AppDelegate.swift */; };
		AB6A65AE230AD990009CFE7E /* MyJourneyViewController.swift in Sources */ = {isa = PBXBuildFile; fileRef = AB6A65AD230AD990009CFE7E /* MyJourneyViewController.swift */; };
		AB6A65B4230AD991009CFE7E /* MyBujo2_0.xcdatamodeld in Sources */ = {isa = PBXBuildFile; fileRef = AB6A65B2230AD990009CFE7E /* MyBujo2_0.xcdatamodeld */; };
		AB6A65B6230AD994009CFE7E /* Assets.xcassets in Resources */ = {isa = PBXBuildFile; fileRef = AB6A65B5230AD994009CFE7E /* Assets.xcassets */; };
		AB6A65B9230AD994009CFE7E /* LaunchScreen.storyboard in Resources */ = {isa = PBXBuildFile; fileRef = AB6A65B7230AD994009CFE7E /* LaunchScreen.storyboard */; };
		AB6A65C4230AD994009CFE7E /* MyBujo2_0Tests.swift in Sources */ = {isa = PBXBuildFile; fileRef = AB6A65C3230AD994009CFE7E /* MyBujo2_0Tests.swift */; };
		AB79C01F2317F1590077A21E /* MediaCollectionViewDelegate.swift in Sources */ = {isa = PBXBuildFile; fileRef = AB79C01E2317F1590077A21E /* MediaCollectionViewDelegate.swift */; };
		AB79C0212317FFB40077A21E /* DismissControllerDelegate.swift in Sources */ = {isa = PBXBuildFile; fileRef = AB79C0202317FFB40077A21E /* DismissControllerDelegate.swift */; };
		AB8C8829233518280093E29C /* AudioViewController.swift in Sources */ = {isa = PBXBuildFile; fileRef = AB8C8828233518280093E29C /* AudioViewController.swift */; };
		AB8C882B233518540093E29C /* AudioPlayer.swift in Sources */ = {isa = PBXBuildFile; fileRef = AB8C882A233518540093E29C /* AudioPlayer.swift */; };
		AB8C882D233518AC0093E29C /* AudioTableView.swift in Sources */ = {isa = PBXBuildFile; fileRef = AB8C882C233518AC0093E29C /* AudioTableView.swift */; };
		AB8C882F23351D240093E29C /* AudioRecordManager.swift in Sources */ = {isa = PBXBuildFile; fileRef = AB8C882E23351D240093E29C /* AudioRecordManager.swift */; };
		AB8D30DB2338F1AC0009409F /* AudioRecordDelegate.swift in Sources */ = {isa = PBXBuildFile; fileRef = AB8D30DA2338F1AC0009409F /* AudioRecordDelegate.swift */; };
		AB8D30DD233906290009409F /* AudioPlayerDelegate.swift in Sources */ = {isa = PBXBuildFile; fileRef = AB8D30DC233906290009409F /* AudioPlayerDelegate.swift */; };
		AB8D30DF23390F4D0009409F /* Audio.swift in Sources */ = {isa = PBXBuildFile; fileRef = AB8D30DE23390F4D0009409F /* Audio.swift */; };
		ABC6819D2316AA6D0039E7CC /* MediaCollectionViewCell.swift in Sources */ = {isa = PBXBuildFile; fileRef = ABC6819C2316AA6D0039E7CC /* MediaCollectionViewCell.swift */; };
		E811D12E232004E600FBCAC8 /* UiButton+Extension.swift in Sources */ = {isa = PBXBuildFile; fileRef = E811D12D232004E600FBCAC8 /* UiButton+Extension.swift */; };
		E811D1302320952900FBCAC8 /* NewGoalViewControllerDelegate.swift in Sources */ = {isa = PBXBuildFile; fileRef = E811D12F2320952900FBCAC8 /* NewGoalViewControllerDelegate.swift */; };
		E811D132232096F800FBCAC8 /* UiLabel+Extension.swift in Sources */ = {isa = PBXBuildFile; fileRef = E811D131232096F800FBCAC8 /* UiLabel+Extension.swift */; };
		E813C1A72322A5F0002F170D /* NavigationButton.swift in Sources */ = {isa = PBXBuildFile; fileRef = E813C1A62322A5F0002F170D /* NavigationButton.swift */; };
		E851AE19233A39C5008BB798 /* IncrementCollectionViewCell.swift in Sources */ = {isa = PBXBuildFile; fileRef = E851AE18233A39C5008BB798 /* IncrementCollectionViewCell.swift */; };
		E8535A0223156252009AB979 /* NotesView.swift in Sources */ = {isa = PBXBuildFile; fileRef = E8535A0123156252009AB979 /* NotesView.swift */; };
		E8535A04231562AB009AB979 /* NotesViewController.swift in Sources */ = {isa = PBXBuildFile; fileRef = E8535A03231562AB009AB979 /* NotesViewController.swift */; };
		E8588B65232EEE6B0011939B /* CollectionTableViewCell.swift in Sources */ = {isa = PBXBuildFile; fileRef = E8588B64232EEE6B0011939B /* CollectionTableViewCell.swift */; };
		E8588B67232F112A0011939B /* ReusableCollectionViewCell.swift in Sources */ = {isa = PBXBuildFile; fileRef = E8588B66232F112A0011939B /* ReusableCollectionViewCell.swift */; };
		E86043A62337A048001A416E /* MediaCards.swift in Sources */ = {isa = PBXBuildFile; fileRef = E86043A52337A048001A416E /* MediaCards.swift */; };
		E88784762331223C00BFFE10 /* Defaults.swift in Sources */ = {isa = PBXBuildFile; fileRef = E88784752331223C00BFFE10 /* Defaults.swift */; };
		E8ADD1942335119B00AA80C4 /* CounterGoalsCard.swift in Sources */ = {isa = PBXBuildFile; fileRef = E8ADD1932335119B00AA80C4 /* CounterGoalsCard.swift */; };
		E8FF9D472316C55D006C2B49 /* UiView+Extension.swift in Sources */ = {isa = PBXBuildFile; fileRef = E8FF9D462316C55D006C2B49 /* UiView+Extension.swift */; };
/* End PBXBuildFile section */

/* Begin PBXContainerItemProxy section */
		AB6A65C0230AD994009CFE7E /* PBXContainerItemProxy */ = {
			isa = PBXContainerItemProxy;
			containerPortal = AB6A65A0230AD990009CFE7E /* Project object */;
			proxyType = 1;
			remoteGlobalIDString = AB6A65A7230AD990009CFE7E;
			remoteInfo = MyBujo2.0;
		};
/* End PBXContainerItemProxy section */

/* Begin PBXFileReference section */
		1511F769230C3E9C0056E715 /* MasterViewController.swift */ = {isa = PBXFileReference; lastKnownFileType = sourcecode.swift; path = MasterViewController.swift; sourceTree = "<group>"; };
		1516C18B23154851002EC623 /* GoalsTableViewCell.swift */ = {isa = PBXFileReference; lastKnownFileType = sourcecode.swift; path = GoalsTableViewCell.swift; sourceTree = "<group>"; };
		1516C18E231555E5002EC623 /* TableViewHeaderView.swift */ = {isa = PBXFileReference; lastKnownFileType = sourcecode.swift; path = TableViewHeaderView.swift; sourceTree = "<group>"; };
		15341D832315C28B005E7328 /* HeaderViewFactory.swift */ = {isa = PBXFileReference; lastKnownFileType = sourcecode.swift; path = HeaderViewFactory.swift; sourceTree = "<group>"; };
		15347D36231D8E8F00848335 /* FeelingsView.swift */ = {isa = PBXFileReference; lastKnownFileType = sourcecode.swift; path = FeelingsView.swift; sourceTree = "<group>"; };
		153F8CB2230C477E001C0CB3 /* CustomSplitViewController.swift */ = {isa = PBXFileReference; lastKnownFileType = sourcecode.swift; path = CustomSplitViewController.swift; sourceTree = "<group>"; };
		1549195723193EDD00766609 /* FormView.swift */ = {isa = PBXFileReference; lastKnownFileType = sourcecode.swift; path = FormView.swift; sourceTree = "<group>"; };
		15491959231D44EE00766609 /* NewFeelingViewController.swift */ = {isa = PBXFileReference; lastKnownFileType = sourcecode.swift; path = NewFeelingViewController.swift; sourceTree = "<group>"; };
		1549195D231D4B8C00766609 /* FeelingView.swift */ = {isa = PBXFileReference; lastKnownFileType = sourcecode.swift; path = FeelingView.swift; sourceTree = "<group>"; };
		1549195F231D508000766609 /* FeelingsCardView.swift */ = {isa = PBXFileReference; lastKnownFileType = sourcecode.swift; path = FeelingsCardView.swift; sourceTree = "<group>"; };
		154B139223143B3600F03C6C /* GoalTableViewCell.swift */ = {isa = PBXFileReference; lastKnownFileType = sourcecode.swift; path = GoalTableViewCell.swift; sourceTree = "<group>"; };
		157D9D68232A9285009659F4 /* CaptureCollectionViewCell.swift */ = {isa = PBXFileReference; lastKnownFileType = sourcecode.swift; path = CaptureCollectionViewCell.swift; sourceTree = "<group>"; };
		157F453F232AEDE8007BC8D4 /* NewBaseViewController.swift */ = {isa = PBXFileReference; lastKnownFileType = sourcecode.swift; path = NewBaseViewController.swift; sourceTree = "<group>"; };
		159DB6F6233CF0C600CD9D5F /* VideosViewController.swift */ = {isa = PBXFileReference; lastKnownFileType = sourcecode.swift; path = VideosViewController.swift; sourceTree = "<group>"; };
		159DB6F9233CF16400CD9D5F /* GalleryViewController.swift */ = {isa = PBXFileReference; lastKnownFileType = sourcecode.swift; path = GalleryViewController.swift; sourceTree = "<group>"; };
		15B4C0492327E294009B6067 /* CapturesViewController.swift */ = {isa = PBXFileReference; lastKnownFileType = sourcecode.swift; path = CapturesViewController.swift; sourceTree = "<group>"; };
		15C339C4230D8A14009ED5CD /* ViewCode.swift */ = {isa = PBXFileReference; lastKnownFileType = sourcecode.swift; path = ViewCode.swift; sourceTree = "<group>"; };
		15DA588F2338FBE300009949 /* NewPhotoCollectionViewCell.swift */ = {isa = PBXFileReference; lastKnownFileType = sourcecode.swift; path = NewPhotoCollectionViewCell.swift; sourceTree = "<group>"; };
		15DA589123390ADA00009949 /* CapturesViewController+ImagePickerController.swift */ = {isa = PBXFileReference; lastKnownFileType = sourcecode.swift; path = "CapturesViewController+ImagePickerController.swift"; sourceTree = "<group>"; };
		15DFF5C42316C3AD00F70860 /* NewGoalViewController.swift */ = {isa = PBXFileReference; lastKnownFileType = sourcecode.swift; path = NewGoalViewController.swift; sourceTree = "<group>"; };
		15DFF5C62316FB8200F70860 /* Blurable.swift */ = {isa = PBXFileReference; lastKnownFileType = sourcecode.swift; path = Blurable.swift; sourceTree = "<group>"; };
		15E6195E2329370800C5E96D /* BlurableModalAnimationController.swift */ = {isa = PBXFileReference; lastKnownFileType = sourcecode.swift; path = BlurableModalAnimationController.swift; sourceTree = "<group>"; };
		15EF7188230DA7BA001F79D9 /* MyTodayViewController.swift */ = {isa = PBXFileReference; lastKnownFileType = sourcecode.swift; path = MyTodayViewController.swift; sourceTree = "<group>"; };
		1A42B77BC5296E06887DA2E4 /* Pods-MyBujo2.0Tests.debug.xcconfig */ = {isa = PBXFileReference; includeInIndex = 1; lastKnownFileType = text.xcconfig; name = "Pods-MyBujo2.0Tests.debug.xcconfig"; path = "Target Support Files/Pods-MyBujo2.0Tests/Pods-MyBujo2.0Tests.debug.xcconfig"; sourceTree = "<group>"; };
		300CAB7A2327C1E3002F066A /* DrawingViewController.swift */ = {isa = PBXFileReference; lastKnownFileType = sourcecode.swift; path = DrawingViewController.swift; sourceTree = "<group>"; };
		3010248D232A840700BBE978 /* AddGoalsAnimator.swift */ = {isa = PBXFileReference; lastKnownFileType = sourcecode.swift; path = AddGoalsAnimator.swift; sourceTree = "<group>"; };
		3011490F2315721C0099E845 /* ShadowView.swift */ = {isa = PBXFileReference; lastKnownFileType = sourcecode.swift; path = ShadowView.swift; sourceTree = "<group>"; };
		30117ACF233CE16200F0D5F1 /* MonthData.swift */ = {isa = PBXFileReference; lastKnownFileType = sourcecode.swift; path = MonthData.swift; sourceTree = "<group>"; };
		30117AD2233CE18800F0D5F1 /* CalendarStructs.swift */ = {isa = PBXFileReference; lastKnownFileType = sourcecode.swift; path = CalendarStructs.swift; sourceTree = "<group>"; };
		301F35342316AAC500AD5477 /* CoreDataManager.swift */ = {isa = PBXFileReference; lastKnownFileType = sourcecode.swift; path = CoreDataManager.swift; sourceTree = "<group>"; };
		3050424D230C879D0037AFB0 /* ShadowProtocol.swift */ = {isa = PBXFileReference; lastKnownFileType = sourcecode.swift; path = ShadowProtocol.swift; sourceTree = "<group>"; };
		3074027A233257990058D997 /* HealthCollectionViewCell.swift */ = {isa = PBXFileReference; lastKnownFileType = sourcecode.swift; path = HealthCollectionViewCell.swift; sourceTree = "<group>"; };
		3074027D2332583E0058D997 /* StatusView.swift */ = {isa = PBXFileReference; lastKnownFileType = sourcecode.swift; path = StatusView.swift; sourceTree = "<group>"; };
		3074028023325CF30058D997 /* CustomizableLabel.swift */ = {isa = PBXFileReference; lastKnownFileType = sourcecode.swift; path = CustomizableLabel.swift; sourceTree = "<group>"; };
		30740282233270510058D997 /* HealthHeaderView.swift */ = {isa = PBXFileReference; lastKnownFileType = sourcecode.swift; path = HealthHeaderView.swift; sourceTree = "<group>"; };
		30740284233270CE0058D997 /* HealthStatusType.swift */ = {isa = PBXFileReference; lastKnownFileType = sourcecode.swift; path = HealthStatusType.swift; sourceTree = "<group>"; };
		308F6FC92327C391008012AA /* TitleLabel.swift */ = {isa = PBXFileReference; lastKnownFileType = sourcecode.swift; path = TitleLabel.swift; sourceTree = "<group>"; };
		308F6FCB2327C4AB008012AA /* ExitButton.swift */ = {isa = PBXFileReference; lastKnownFileType = sourcecode.swift; path = ExitButton.swift; sourceTree = "<group>"; };
		308F6FCD2327CAAD008012AA /* MediaViewController.swift */ = {isa = PBXFileReference; lastKnownFileType = sourcecode.swift; path = MediaViewController.swift; sourceTree = "<group>"; };
		308F6FCF2327EB96008012AA /* CanvasLayoutExtension.swift */ = {isa = PBXFileReference; lastKnownFileType = sourcecode.swift; path = CanvasLayoutExtension.swift; sourceTree = "<group>"; };
		3094B178233A57E400576EDF /* FocusedMediaViewController.swift */ = {isa = PBXFileReference; lastKnownFileType = sourcecode.swift; path = FocusedMediaViewController.swift; sourceTree = "<group>"; };
		3094B17E233A5D9B00576EDF /* FocusedPhotoViewController.swift */ = {isa = PBXFileReference; lastKnownFileType = sourcecode.swift; path = FocusedPhotoViewController.swift; sourceTree = "<group>"; };
		309DC7F2233E3C9400F3218E /* FileManagerInitiable.swift */ = {isa = PBXFileReference; lastKnownFileType = sourcecode.swift; path = FileManagerInitiable.swift; sourceTree = "<group>"; };
		309DC7F4233E3CF800F3218E /* UIImageExtension.swift */ = {isa = PBXFileReference; lastKnownFileType = sourcecode.swift; path = UIImageExtension.swift; sourceTree = "<group>"; };
		30A348D023145AA30018DB13 /* CalendarTableViewCell.swift */ = {isa = PBXFileReference; lastKnownFileType = sourcecode.swift; path = CalendarTableViewCell.swift; sourceTree = "<group>"; };
		30A348D52314609C0018DB13 /* MediaTableViewCell.swift */ = {isa = PBXFileReference; lastKnownFileType = sourcecode.swift; path = MediaTableViewCell.swift; sourceTree = "<group>"; };
		30AD9B26230AE98B00B39434 /* CalendarManager.swift */ = {isa = PBXFileReference; lastKnownFileType = sourcecode.swift; path = CalendarManager.swift; sourceTree = "<group>"; };
		30AD9B28230AEF9100B39434 /* DayCell.swift */ = {isa = PBXFileReference; lastKnownFileType = sourcecode.swift; path = DayCell.swift; sourceTree = "<group>"; };
		30ADD66C231D396D001CAF1C /* Delegates.swift */ = {isa = PBXFileReference; lastKnownFileType = sourcecode.swift; path = Delegates.swift; sourceTree = "<group>"; };
		30B900562317FC3B000C0089 /* CalendarTableViewCellDelegate.swift */ = {isa = PBXFileReference; lastKnownFileType = sourcecode.swift; path = CalendarTableViewCellDelegate.swift; sourceTree = "<group>"; };
		30B900592318424A000C0089 /* DayExtension.swift */ = {isa = PBXFileReference; lastKnownFileType = sourcecode.swift; path = DayExtension.swift; sourceTree = "<group>"; };
		30B9005B231842A0000C0089 /* GoalExtension.swift */ = {isa = PBXFileReference; lastKnownFileType = sourcecode.swift; path = GoalExtension.swift; sourceTree = "<group>"; };
		30B9005F23185600000C0089 /* DateExtension.swift */ = {isa = PBXFileReference; lastKnownFileType = sourcecode.swift; path = DateExtension.swift; sourceTree = "<group>"; };
		30C6FD972331203500F69F79 /* Media+CoreDataProperties.swift */ = {isa = PBXFileReference; fileEncoding = 4; lastKnownFileType = sourcecode.swift; path = "Media+CoreDataProperties.swift"; sourceTree = "<group>"; };
		30C6FD982331203500F69F79 /* Media+CoreDataClass.swift */ = {isa = PBXFileReference; fileEncoding = 4; lastKnownFileType = sourcecode.swift; path = "Media+CoreDataClass.swift"; sourceTree = "<group>"; };
		30C6FD9B233122FF00F69F79 /* FileManagerExtension.swift */ = {isa = PBXFileReference; lastKnownFileType = sourcecode.swift; path = FileManagerExtension.swift; sourceTree = "<group>"; };
		30CBF8D4230C239100D56A41 /* MonthHeader.swift */ = {isa = PBXFileReference; lastKnownFileType = sourcecode.swift; path = MonthHeader.swift; sourceTree = "<group>"; };
		30CBF8D7230C347200D56A41 /* WeekDaysView.swift */ = {isa = PBXFileReference; fileEncoding = 4; lastKnownFileType = sourcecode.swift; path = WeekDaysView.swift; sourceTree = "<group>"; };
		30CBF8D9230C34F100D56A41 /* AvenirNextLTPro-MediumCn.otf */ = {isa = PBXFileReference; lastKnownFileType = file; path = "AvenirNextLTPro-MediumCn.otf"; sourceTree = "<group>"; };
		30CBF8DA230C34F100D56A41 /* AvenirNextLTPro-Regular.otf */ = {isa = PBXFileReference; lastKnownFileType = file; path = "AvenirNextLTPro-Regular.otf"; sourceTree = "<group>"; };
		7073002E8EAFF65F0E78C213 /* Pods_MyBujo2_0.framework */ = {isa = PBXFileReference; explicitFileType = wrapper.framework; includeInIndex = 0; path = Pods_MyBujo2_0.framework; sourceTree = BUILT_PRODUCTS_DIR; };
		84C1F76D61EB421EF9272186 /* Pods-MyBujo2.0.release.xcconfig */ = {isa = PBXFileReference; includeInIndex = 1; lastKnownFileType = text.xcconfig; name = "Pods-MyBujo2.0.release.xcconfig"; path = "Target Support Files/Pods-MyBujo2.0/Pods-MyBujo2.0.release.xcconfig"; sourceTree = "<group>"; };
		996BCF63229CD2F3D0D56838 /* Pods-MyBujo2.0Tests.release.xcconfig */ = {isa = PBXFileReference; includeInIndex = 1; lastKnownFileType = text.xcconfig; name = "Pods-MyBujo2.0Tests.release.xcconfig"; path = "Target Support Files/Pods-MyBujo2.0Tests/Pods-MyBujo2.0Tests.release.xcconfig"; sourceTree = "<group>"; };
		9BD351423C88B3EC62A77941 /* Pods-MyBujo2.0.debug.xcconfig */ = {isa = PBXFileReference; includeInIndex = 1; lastKnownFileType = text.xcconfig; name = "Pods-MyBujo2.0.debug.xcconfig"; path = "Target Support Files/Pods-MyBujo2.0/Pods-MyBujo2.0.debug.xcconfig"; sourceTree = "<group>"; };
		AB6A65A8230AD990009CFE7E /* MyBujo2.0.app */ = {isa = PBXFileReference; explicitFileType = wrapper.application; includeInIndex = 0; path = MyBujo2.0.app; sourceTree = BUILT_PRODUCTS_DIR; };
		AB6A65AB230AD990009CFE7E /* AppDelegate.swift */ = {isa = PBXFileReference; lastKnownFileType = sourcecode.swift; path = AppDelegate.swift; sourceTree = "<group>"; };
		AB6A65AD230AD990009CFE7E /* MyJourneyViewController.swift */ = {isa = PBXFileReference; lastKnownFileType = sourcecode.swift; path = MyJourneyViewController.swift; sourceTree = "<group>"; };
		AB6A65B3230AD990009CFE7E /* MyBujo2_0.xcdatamodel */ = {isa = PBXFileReference; lastKnownFileType = wrapper.xcdatamodel; path = MyBujo2_0.xcdatamodel; sourceTree = "<group>"; };
		AB6A65B5230AD994009CFE7E /* Assets.xcassets */ = {isa = PBXFileReference; lastKnownFileType = folder.assetcatalog; path = Assets.xcassets; sourceTree = "<group>"; };
		AB6A65B8230AD994009CFE7E /* Base */ = {isa = PBXFileReference; lastKnownFileType = file.storyboard; name = Base; path = Base.lproj/LaunchScreen.storyboard; sourceTree = "<group>"; };
		AB6A65BA230AD994009CFE7E /* Info.plist */ = {isa = PBXFileReference; lastKnownFileType = text.plist.xml; path = Info.plist; sourceTree = "<group>"; };
		AB6A65BF230AD994009CFE7E /* MyBujo2.0Tests.xctest */ = {isa = PBXFileReference; explicitFileType = wrapper.cfbundle; includeInIndex = 0; path = MyBujo2.0Tests.xctest; sourceTree = BUILT_PRODUCTS_DIR; };
		AB6A65C3230AD994009CFE7E /* MyBujo2_0Tests.swift */ = {isa = PBXFileReference; lastKnownFileType = sourcecode.swift; path = MyBujo2_0Tests.swift; sourceTree = "<group>"; };
		AB6A65C5230AD994009CFE7E /* Info.plist */ = {isa = PBXFileReference; lastKnownFileType = text.plist.xml; path = Info.plist; sourceTree = "<group>"; };
		AB79C01E2317F1590077A21E /* MediaCollectionViewDelegate.swift */ = {isa = PBXFileReference; lastKnownFileType = sourcecode.swift; path = MediaCollectionViewDelegate.swift; sourceTree = "<group>"; };
		AB79C0202317FFB40077A21E /* DismissControllerDelegate.swift */ = {isa = PBXFileReference; lastKnownFileType = sourcecode.swift; path = DismissControllerDelegate.swift; sourceTree = "<group>"; };
		AB8C8828233518280093E29C /* AudioViewController.swift */ = {isa = PBXFileReference; lastKnownFileType = sourcecode.swift; path = AudioViewController.swift; sourceTree = "<group>"; };
		AB8C882A233518540093E29C /* AudioPlayer.swift */ = {isa = PBXFileReference; lastKnownFileType = sourcecode.swift; path = AudioPlayer.swift; sourceTree = "<group>"; };
		AB8C882C233518AC0093E29C /* AudioTableView.swift */ = {isa = PBXFileReference; lastKnownFileType = sourcecode.swift; path = AudioTableView.swift; sourceTree = "<group>"; };
		AB8C882E23351D240093E29C /* AudioRecordManager.swift */ = {isa = PBXFileReference; lastKnownFileType = sourcecode.swift; path = AudioRecordManager.swift; sourceTree = "<group>"; };
		AB8D30DA2338F1AC0009409F /* AudioRecordDelegate.swift */ = {isa = PBXFileReference; lastKnownFileType = sourcecode.swift; path = AudioRecordDelegate.swift; sourceTree = "<group>"; };
		AB8D30DC233906290009409F /* AudioPlayerDelegate.swift */ = {isa = PBXFileReference; lastKnownFileType = sourcecode.swift; path = AudioPlayerDelegate.swift; sourceTree = "<group>"; };
		AB8D30DE23390F4D0009409F /* Audio.swift */ = {isa = PBXFileReference; lastKnownFileType = sourcecode.swift; path = Audio.swift; sourceTree = "<group>"; };
		ABC6819C2316AA6D0039E7CC /* MediaCollectionViewCell.swift */ = {isa = PBXFileReference; lastKnownFileType = sourcecode.swift; path = MediaCollectionViewCell.swift; sourceTree = "<group>"; };
		B255C441080AC122C15A5C5B /* Pods_MyBujo2_0Tests.framework */ = {isa = PBXFileReference; explicitFileType = wrapper.framework; includeInIndex = 0; path = Pods_MyBujo2_0Tests.framework; sourceTree = BUILT_PRODUCTS_DIR; };
		E811D12D232004E600FBCAC8 /* UiButton+Extension.swift */ = {isa = PBXFileReference; lastKnownFileType = sourcecode.swift; path = "UiButton+Extension.swift"; sourceTree = "<group>"; };
		E811D12F2320952900FBCAC8 /* NewGoalViewControllerDelegate.swift */ = {isa = PBXFileReference; lastKnownFileType = sourcecode.swift; path = NewGoalViewControllerDelegate.swift; sourceTree = "<group>"; };
		E811D131232096F800FBCAC8 /* UiLabel+Extension.swift */ = {isa = PBXFileReference; lastKnownFileType = sourcecode.swift; path = "UiLabel+Extension.swift"; sourceTree = "<group>"; };
		E813C1A62322A5F0002F170D /* NavigationButton.swift */ = {isa = PBXFileReference; lastKnownFileType = sourcecode.swift; path = NavigationButton.swift; sourceTree = "<group>"; };
		E851AE18233A39C5008BB798 /* IncrementCollectionViewCell.swift */ = {isa = PBXFileReference; lastKnownFileType = sourcecode.swift; path = IncrementCollectionViewCell.swift; sourceTree = "<group>"; };
		E8535A0123156252009AB979 /* NotesView.swift */ = {isa = PBXFileReference; lastKnownFileType = sourcecode.swift; path = NotesView.swift; sourceTree = "<group>"; };
		E8535A03231562AB009AB979 /* NotesViewController.swift */ = {isa = PBXFileReference; lastKnownFileType = sourcecode.swift; path = NotesViewController.swift; sourceTree = "<group>"; };
		E8588B64232EEE6B0011939B /* CollectionTableViewCell.swift */ = {isa = PBXFileReference; lastKnownFileType = sourcecode.swift; path = CollectionTableViewCell.swift; sourceTree = "<group>"; };
		E8588B66232F112A0011939B /* ReusableCollectionViewCell.swift */ = {isa = PBXFileReference; lastKnownFileType = sourcecode.swift; path = ReusableCollectionViewCell.swift; sourceTree = "<group>"; };
		E86043A52337A048001A416E /* MediaCards.swift */ = {isa = PBXFileReference; lastKnownFileType = sourcecode.swift; path = MediaCards.swift; sourceTree = "<group>"; };
		E88784752331223C00BFFE10 /* Defaults.swift */ = {isa = PBXFileReference; lastKnownFileType = sourcecode.swift; path = Defaults.swift; sourceTree = "<group>"; };
		E8ADD1932335119B00AA80C4 /* CounterGoalsCard.swift */ = {isa = PBXFileReference; lastKnownFileType = sourcecode.swift; path = CounterGoalsCard.swift; sourceTree = "<group>"; };
		E8FF9D462316C55D006C2B49 /* UiView+Extension.swift */ = {isa = PBXFileReference; lastKnownFileType = sourcecode.swift; path = "UiView+Extension.swift"; sourceTree = "<group>"; };
/* End PBXFileReference section */

/* Begin PBXFrameworksBuildPhase section */
		AB6A65A5230AD990009CFE7E /* Frameworks */ = {
			isa = PBXFrameworksBuildPhase;
			buildActionMask = 2147483647;
			files = (
				30F091FC4D6DD65676165420 /* Pods_MyBujo2_0.framework in Frameworks */,
			);
			runOnlyForDeploymentPostprocessing = 0;
		};
		AB6A65BC230AD994009CFE7E /* Frameworks */ = {
			isa = PBXFrameworksBuildPhase;
			buildActionMask = 2147483647;
			files = (
				86B2717C09121F8791F4DCB7 /* Pods_MyBujo2_0Tests.framework in Frameworks */,
			);
			runOnlyForDeploymentPostprocessing = 0;
		};
/* End PBXFrameworksBuildPhase section */

/* Begin PBXGroup section */
		159DB6F3233CF01C00CD9D5F /* Controllers */ = {
			isa = PBXGroup;
			children = (
				159DB6F6233CF0C600CD9D5F /* VideosViewController.swift */,
			);
			path = Controllers;
			sourceTree = "<group>";
		};
		159DB6F5233CF05900CD9D5F /* Views */ = {
			isa = PBXGroup;
			children = (
			);
			path = Views;
			sourceTree = "<group>";
		};
		15C339C3230D8A04009ED5CD /* Protocols */ = {
			isa = PBXGroup;
			children = (
				3050424D230C879D0037AFB0 /* ShadowProtocol.swift */,
				15C339C4230D8A14009ED5CD /* ViewCode.swift */,
				15DFF5C62316FB8200F70860 /* Blurable.swift */,
				AB79C01E2317F1590077A21E /* MediaCollectionViewDelegate.swift */,
				AB79C0202317FFB40077A21E /* DismissControllerDelegate.swift */,
				E811D12F2320952900FBCAC8 /* NewGoalViewControllerDelegate.swift */,
				AB8D30DA2338F1AC0009409F /* AudioRecordDelegate.swift */,
				AB8D30DC233906290009409F /* AudioPlayerDelegate.swift */,
				309DC7F2233E3C9400F3218E /* FileManagerInitiable.swift */,
			);
			path = Protocols;
			sourceTree = "<group>";
		};
		15EF7187230DA302001F79D9 /* Recovered References */ = {
			isa = PBXGroup;
			children = (
			);
			name = "Recovered References";
			sourceTree = "<group>";
		};
		3007086979EC88841911B28E /* Frameworks */ = {
			isa = PBXGroup;
			children = (
				7073002E8EAFF65F0E78C213 /* Pods_MyBujo2_0.framework */,
				B255C441080AC122C15A5C5B /* Pods_MyBujo2_0Tests.framework */,
			);
			name = Frameworks;
			sourceTree = "<group>";
		};
		305CC97D232A6BC100969B52 /* Animator */ = {
			isa = PBXGroup;
			children = (
				3010248D232A840700BBE978 /* AddGoalsAnimator.swift */,
			);
			path = Animator;
			sourceTree = "<group>";
		};
		30740286233272ED0058D997 /* Use Cases */ = {
			isa = PBXGroup;
			children = (
				307402A62332779C0058D997 /* App Initialization */,
				3074028A2332732C0058D997 /* CommonUses */,
				30740287233273000058D997 /* Daily */,
				30740297233275460058D997 /* Journey */,
			);
			path = "Use Cases";
			sourceTree = "<group>";
		};
		30740287233273000058D997 /* Daily */ = {
			isa = PBXGroup;
			children = (
				307402A4233277000058D997 /* ShowDaily */,
				307402882332730B0058D997 /* Feelings */,
				3074028B233273760058D997 /* Goals */,
				307402912332749D0058D997 /* Media */,
				3074029B233275D40058D997 /* Notes */,
				30740294233274E80058D997 /* Drawing */,
				3074029E233276080058D997 /* VoiceRecords */,
				3074029F233276260058D997 /* VideoRecords */,
				307402A0233276430058D997 /* Photos */,
				3094B174233A578C00576EDF /* ZoomPhotos */,
			);
			path = Daily;
			sourceTree = "<group>";
		};
		307402882332730B0058D997 /* Feelings */ = {
			isa = PBXGroup;
			children = (
				3074028F233273F80058D997 /* Views */,
				30740290233273FD0058D997 /* Controllers */,
			);
			path = Feelings;
			sourceTree = "<group>";
		};
		3074028A2332732C0058D997 /* CommonUses */ = {
			isa = PBXGroup;
			children = (
				307402A3233276950058D997 /* Views */,
				3094B177233A57B500576EDF /* Controllers */,
			);
			path = CommonUses;
			sourceTree = "<group>";
		};
		3074028B233273760058D997 /* Goals */ = {
			isa = PBXGroup;
			children = (
				3074028E233273C40058D997 /* Views */,
				3074028D233273BD0058D997 /* Controllers */,
			);
			path = Goals;
			sourceTree = "<group>";
		};
		3074028D233273BD0058D997 /* Controllers */ = {
			isa = PBXGroup;
			children = (
				15DFF5C42316C3AD00F70860 /* NewGoalViewController.swift */,
			);
			path = Controllers;
			sourceTree = "<group>";
		};
		3074028E233273C40058D997 /* Views */ = {
			isa = PBXGroup;
			children = (
				1516C18B23154851002EC623 /* GoalsTableViewCell.swift */,
				154B139223143B3600F03C6C /* GoalTableViewCell.swift */,
				1549195723193EDD00766609 /* FormView.swift */,
			);
			path = Views;
			sourceTree = "<group>";
		};
		3074028F233273F80058D997 /* Views */ = {
			isa = PBXGroup;
			children = (
				1549195D231D4B8C00766609 /* FeelingView.swift */,
				1549195F231D508000766609 /* FeelingsCardView.swift */,
				15347D36231D8E8F00848335 /* FeelingsView.swift */,
			);
			name = Views;
			sourceTree = "<group>";
		};
		30740290233273FD0058D997 /* Controllers */ = {
			isa = PBXGroup;
			children = (
				15491959231D44EE00766609 /* NewFeelingViewController.swift */,
			);
			name = Controllers;
			sourceTree = "<group>";
		};
		307402912332749D0058D997 /* Media */ = {
			isa = PBXGroup;
			children = (
				30740292233274A70058D997 /* Views */,
				30740293233274AC0058D997 /* Controllers */,
			);
			path = Media;
			sourceTree = "<group>";
		};
		30740292233274A70058D997 /* Views */ = {
			isa = PBXGroup;
			children = (
				30A348D52314609C0018DB13 /* MediaTableViewCell.swift */,
				ABC6819C2316AA6D0039E7CC /* MediaCollectionViewCell.swift */,
			);
			path = Views;
			sourceTree = "<group>";
		};
		30740293233274AC0058D997 /* Controllers */ = {
			isa = PBXGroup;
			children = (
			);
			path = Controllers;
			sourceTree = "<group>";
		};
		30740294233274E80058D997 /* Drawing */ = {
			isa = PBXGroup;
			children = (
				30740296233274F90058D997 /* Views */,
				30740295233274F20058D997 /* Controllers */,
			);
			path = Drawing;
			sourceTree = "<group>";
		};
		30740295233274F20058D997 /* Controllers */ = {
			isa = PBXGroup;
			children = (
				300CAB7A2327C1E3002F066A /* DrawingViewController.swift */,
				308F6FCF2327EB96008012AA /* CanvasLayoutExtension.swift */,
			);
			path = Controllers;
			sourceTree = "<group>";
		};
		30740296233274F90058D997 /* Views */ = {
			isa = PBXGroup;
			children = (
			);
			path = Views;
			sourceTree = "<group>";
		};
		30740297233275460058D997 /* Journey */ = {
			isa = PBXGroup;
			children = (
				E8ADD19523351C7200AA80C4 /* Cards */,
				307402A5233277260058D997 /* ShowJourney */,
				307402982332754C0058D997 /* Health */,
			);
			path = Journey;
			sourceTree = "<group>";
		};
		307402982332754C0058D997 /* Health */ = {
			isa = PBXGroup;
			children = (
				30740299233275550058D997 /* Views */,
			);
			path = Health;
			sourceTree = "<group>";
		};
		30740299233275550058D997 /* Views */ = {
			isa = PBXGroup;
			children = (
				3074027D2332583E0058D997 /* StatusView.swift */,
				30740282233270510058D997 /* HealthHeaderView.swift */,
				3074027A233257990058D997 /* HealthCollectionViewCell.swift */,
				30740284233270CE0058D997 /* HealthStatusType.swift */,
			);
			path = Views;
			sourceTree = "<group>";
		};
		3074029B233275D40058D997 /* Notes */ = {
			isa = PBXGroup;
			children = (
				3074029D233275E40058D997 /* Views */,
				3074029C233275DD0058D997 /* Controllers */,
			);
			path = Notes;
			sourceTree = "<group>";
		};
		3074029C233275DD0058D997 /* Controllers */ = {
			isa = PBXGroup;
			children = (
				E8535A03231562AB009AB979 /* NotesViewController.swift */,
			);
			path = Controllers;
			sourceTree = "<group>";
		};
		3074029D233275E40058D997 /* Views */ = {
			isa = PBXGroup;
			children = (
				E8535A0123156252009AB979 /* NotesView.swift */,
			);
			path = Views;
			sourceTree = "<group>";
		};
		3074029E233276080058D997 /* VoiceRecords */ = {
			isa = PBXGroup;
			children = (
				AB8C8827233518010093E29C /* Views */,
				AB8C8826233517F40093E29C /* Controllers */,
			);
			path = VoiceRecords;
			sourceTree = "<group>";
		};
		3074029F233276260058D997 /* VideoRecords */ = {
			isa = PBXGroup;
			children = (
				159DB6F5233CF05900CD9D5F /* Views */,
				159DB6F3233CF01C00CD9D5F /* Controllers */,
			);
			path = VideoRecords;
			sourceTree = "<group>";
		};
		307402A0233276430058D997 /* Photos */ = {
			isa = PBXGroup;
			children = (
				307402A22332765C0058D997 /* Views */,
				307402A1233276540058D997 /* Controllers */,
			);
			path = Photos;
			sourceTree = "<group>";
		};
		307402A1233276540058D997 /* Controllers */ = {
			isa = PBXGroup;
			children = (
				15B4C0492327E294009B6067 /* CapturesViewController.swift */,
				15DA589123390ADA00009949 /* CapturesViewController+ImagePickerController.swift */,
			);
			path = Controllers;
			sourceTree = "<group>";
		};
		307402A22332765C0058D997 /* Views */ = {
			isa = PBXGroup;
			children = (
				157D9D68232A9285009659F4 /* CaptureCollectionViewCell.swift */,
				15DA588F2338FBE300009949 /* NewPhotoCollectionViewCell.swift */,
			);
			path = Views;
			sourceTree = "<group>";
		};
		307402A3233276950058D997 /* Views */ = {
			isa = PBXGroup;
			children = (
				E8588B63232EEE060011939B /* CardsViews */,
				30CBF8DB230C40B000D56A41 /* Calendar */,
				308F6FC92327C391008012AA /* TitleLabel.swift */,
				308F6FCB2327C4AB008012AA /* ExitButton.swift */,
				E813C1A62322A5F0002F170D /* NavigationButton.swift */,
				3074028023325CF30058D997 /* CustomizableLabel.swift */,
				1516C18E231555E5002EC623 /* TableViewHeaderView.swift */,
				3011490F2315721C0099E845 /* ShadowView.swift */,
			);
			path = Views;
			sourceTree = "<group>";
		};
		307402A4233277000058D997 /* ShowDaily */ = {
			isa = PBXGroup;
			children = (
				15EF7188230DA7BA001F79D9 /* MyTodayViewController.swift */,
				30ADD66C231D396D001CAF1C /* Delegates.swift */,
			);
			path = ShowDaily;
			sourceTree = "<group>";
		};
		307402A5233277260058D997 /* ShowJourney */ = {
			isa = PBXGroup;
			children = (
				AB6A65AD230AD990009CFE7E /* MyJourneyViewController.swift */,
			);
			path = ShowJourney;
			sourceTree = "<group>";
		};
		307402A62332779C0058D997 /* App Initialization */ = {
			isa = PBXGroup;
			children = (
				307402A7233277CD0058D997 /* Controllers */,
			);
			path = "App Initialization";
			sourceTree = "<group>";
		};
		307402A7233277CD0058D997 /* Controllers */ = {
			isa = PBXGroup;
			children = (
				1511F769230C3E9C0056E715 /* MasterViewController.swift */,
				153F8CB2230C477E001C0CB3 /* CustomSplitViewController.swift */,
				157F453F232AEDE8007BC8D4 /* NewBaseViewController.swift */,
				15E6195E2329370800C5E96D /* BlurableModalAnimationController.swift */,
			);
			path = Controllers;
			sourceTree = "<group>";
		};
		307402AD23327C390058D997 /* Business Rules */ = {
			isa = PBXGroup;
			children = (
				E88784742331222100BFFE10 /* Structs */,
				30B9005823184235000C0089 /* Models */,
				E8FF9D452316C538006C2B49 /* Extension */,
				15C339C3230D8A04009ED5CD /* Protocols */,
				30AD9B1E230AE12100B39434 /* Utils */,
				30CBF8D6230C344600D56A41 /* fonts */,
			);
			path = "Business Rules";
			sourceTree = "<group>";
		};
		3094B174233A578C00576EDF /* ZoomPhotos */ = {
			isa = PBXGroup;
			children = (
				3094B176233A57A600576EDF /* Views */,
				3094B175233A579F00576EDF /* Controllers */,
			);
			path = ZoomPhotos;
			sourceTree = "<group>";
		};
		3094B175233A579F00576EDF /* Controllers */ = {
			isa = PBXGroup;
			children = (
				3094B17E233A5D9B00576EDF /* FocusedPhotoViewController.swift */,
			);
			path = Controllers;
			sourceTree = "<group>";
		};
		3094B176233A57A600576EDF /* Views */ = {
			isa = PBXGroup;
			children = (
			);
			path = Views;
			sourceTree = "<group>";
		};
		3094B177233A57B500576EDF /* Controllers */ = {
			isa = PBXGroup;
			children = (
				308F6FCD2327CAAD008012AA /* MediaViewController.swift */,
				3094B178233A57E400576EDF /* FocusedMediaViewController.swift */,
				159DB6F9233CF16400CD9D5F /* GalleryViewController.swift */,
			);
			path = Controllers;
			sourceTree = "<group>";
		};
		30AD9B1E230AE12100B39434 /* Utils */ = {
			isa = PBXGroup;
			children = (
				305CC97D232A6BC100969B52 /* Animator */,
				30AD9B26230AE98B00B39434 /* CalendarManager.swift */,
				15341D832315C28B005E7328 /* HeaderViewFactory.swift */,
				301F35342316AAC500AD5477 /* CoreDataManager.swift */,
				AB8C882E23351D240093E29C /* AudioRecordManager.swift */,
			);
			path = Utils;
			sourceTree = "<group>";
		};
		30B9005823184235000C0089 /* Models */ = {
			isa = PBXGroup;
			children = (
				30C6FD9223311F4400F69F79 /* Media */,
				30B900592318424A000C0089 /* DayExtension.swift */,
				30B9005B231842A0000C0089 /* GoalExtension.swift */,
				AB8D30DE23390F4D0009409F /* Audio.swift */,
			);
			path = Models;
			sourceTree = "<group>";
		};
		30C6FD9223311F4400F69F79 /* Media */ = {
			isa = PBXGroup;
			children = (
				30C6FD982331203500F69F79 /* Media+CoreDataClass.swift */,
				30C6FD972331203500F69F79 /* Media+CoreDataProperties.swift */,
			);
			path = Media;
			sourceTree = "<group>";
		};
		30CBF8D6230C344600D56A41 /* fonts */ = {
			isa = PBXGroup;
			children = (
				30CBF8D9230C34F100D56A41 /* AvenirNextLTPro-MediumCn.otf */,
				30CBF8DA230C34F100D56A41 /* AvenirNextLTPro-Regular.otf */,
			);
			path = fonts;
			sourceTree = "<group>";
		};
		30CBF8DB230C40B000D56A41 /* Calendar */ = {
			isa = PBXGroup;
			children = (
				30A348D023145AA30018DB13 /* CalendarTableViewCell.swift */,
				30CBF8D7230C347200D56A41 /* WeekDaysView.swift */,
				30AD9B28230AEF9100B39434 /* DayCell.swift */,
				30CBF8D4230C239100D56A41 /* MonthHeader.swift */,
				30B900562317FC3B000C0089 /* CalendarTableViewCellDelegate.swift */,
			);
			path = Calendar;
			sourceTree = "<group>";
		};
		AB6A659F230AD990009CFE7E = {
			isa = PBXGroup;
			children = (
				AB6A65AA230AD990009CFE7E /* MyBujo2.0 */,
				AB6A65C2230AD994009CFE7E /* MyBujo2.0Tests */,
				AB6A65A9230AD990009CFE7E /* Products */,
				B10888BBE6C5CE81382D8853 /* Pods */,
				15EF7187230DA302001F79D9 /* Recovered References */,
				3007086979EC88841911B28E /* Frameworks */,
			);
			sourceTree = "<group>";
		};
		AB6A65A9230AD990009CFE7E /* Products */ = {
			isa = PBXGroup;
			children = (
				AB6A65A8230AD990009CFE7E /* MyBujo2.0.app */,
				AB6A65BF230AD994009CFE7E /* MyBujo2.0Tests.xctest */,
			);
			name = Products;
			sourceTree = "<group>";
		};
		AB6A65AA230AD990009CFE7E /* MyBujo2.0 */ = {
			isa = PBXGroup;
			children = (
				307402AD23327C390058D997 /* Business Rules */,
				30740286233272ED0058D997 /* Use Cases */,
				AB6A65AB230AD990009CFE7E /* AppDelegate.swift */,
				AB6A65B5230AD994009CFE7E /* Assets.xcassets */,
				AB6A65B7230AD994009CFE7E /* LaunchScreen.storyboard */,
				AB6A65BA230AD994009CFE7E /* Info.plist */,
				AB6A65B2230AD990009CFE7E /* MyBujo2_0.xcdatamodeld */,
			);
			path = MyBujo2.0;
			sourceTree = "<group>";
		};
		AB6A65C2230AD994009CFE7E /* MyBujo2.0Tests */ = {
			isa = PBXGroup;
			children = (
				AB6A65C3230AD994009CFE7E /* MyBujo2_0Tests.swift */,
				AB6A65C5230AD994009CFE7E /* Info.plist */,
			);
			path = MyBujo2.0Tests;
			sourceTree = "<group>";
		};
		AB8C8826233517F40093E29C /* Controllers */ = {
			isa = PBXGroup;
			children = (
				AB8C8828233518280093E29C /* AudioViewController.swift */,
			);
			path = Controllers;
			sourceTree = "<group>";
		};
		AB8C8827233518010093E29C /* Views */ = {
			isa = PBXGroup;
			children = (
				AB8C882A233518540093E29C /* AudioPlayer.swift */,
				AB8C882C233518AC0093E29C /* AudioTableView.swift */,
			);
			path = Views;
			sourceTree = "<group>";
		};
		B10888BBE6C5CE81382D8853 /* Pods */ = {
			isa = PBXGroup;
			children = (
				9BD351423C88B3EC62A77941 /* Pods-MyBujo2.0.debug.xcconfig */,
				84C1F76D61EB421EF9272186 /* Pods-MyBujo2.0.release.xcconfig */,
				1A42B77BC5296E06887DA2E4 /* Pods-MyBujo2.0Tests.debug.xcconfig */,
				996BCF63229CD2F3D0D56838 /* Pods-MyBujo2.0Tests.release.xcconfig */,
			);
			path = Pods;
			sourceTree = "<group>";
		};
		E8588B63232EEE060011939B /* CardsViews */ = {
			isa = PBXGroup;
			children = (
				E8588B64232EEE6B0011939B /* CollectionTableViewCell.swift */,
				E8588B66232F112A0011939B /* ReusableCollectionViewCell.swift */,
				E851AE18233A39C5008BB798 /* IncrementCollectionViewCell.swift */,
			);
			path = CardsViews;
			sourceTree = "<group>";
		};
		E88784742331222100BFFE10 /* Structs */ = {
			isa = PBXGroup;
			children = (
				E88784752331223C00BFFE10 /* Defaults.swift */,
				30117ACF233CE16200F0D5F1 /* MonthData.swift */,
				30117AD2233CE18800F0D5F1 /* CalendarStructs.swift */,
			);
			path = Structs;
			sourceTree = "<group>";
		};
		E8ADD19523351C7200AA80C4 /* Cards */ = {
			isa = PBXGroup;
			children = (
				E8ADD1932335119B00AA80C4 /* CounterGoalsCard.swift */,
				E86043A52337A048001A416E /* MediaCards.swift */,
			);
			path = Cards;
			sourceTree = "<group>";
		};
		E8FF9D452316C538006C2B49 /* Extension */ = {
			isa = PBXGroup;
			children = (
				30B9005F23185600000C0089 /* DateExtension.swift */,
				E811D12D232004E600FBCAC8 /* UiButton+Extension.swift */,
				E811D131232096F800FBCAC8 /* UiLabel+Extension.swift */,
				E8FF9D462316C55D006C2B49 /* UiView+Extension.swift */,
				30C6FD9B233122FF00F69F79 /* FileManagerExtension.swift */,
				309DC7F4233E3CF800F3218E /* UIImageExtension.swift */,
			);
			path = Extension;
			sourceTree = "<group>";
		};
/* End PBXGroup section */

/* Begin PBXNativeTarget section */
		AB6A65A7230AD990009CFE7E /* MyBujo2.0 */ = {
			isa = PBXNativeTarget;
			buildConfigurationList = AB6A65C8230AD994009CFE7E /* Build configuration list for PBXNativeTarget "MyBujo2.0" */;
			buildPhases = (
				F3B06E7A1F46759BD09FBED8 /* [CP] Check Pods Manifest.lock */,
				AB6A65A4230AD990009CFE7E /* Sources */,
				AB6A65A5230AD990009CFE7E /* Frameworks */,
				AB6A65A6230AD990009CFE7E /* Resources */,
				AB3FBDD9231412F30072A5EC /* Swift Lint */,
				F6B4751E381A869D54E5CEF7 /* [CP] Embed Pods Frameworks */,
			);
			buildRules = (
			);
			dependencies = (
			);
			name = MyBujo2.0;
			productName = MyBujo2.0;
			productReference = AB6A65A8230AD990009CFE7E /* MyBujo2.0.app */;
			productType = "com.apple.product-type.application";
		};
		AB6A65BE230AD994009CFE7E /* MyBujo2.0Tests */ = {
			isa = PBXNativeTarget;
			buildConfigurationList = AB6A65CB230AD994009CFE7E /* Build configuration list for PBXNativeTarget "MyBujo2.0Tests" */;
			buildPhases = (
				499274A619F8C656796029D4 /* [CP] Check Pods Manifest.lock */,
				AB6A65BB230AD994009CFE7E /* Sources */,
				AB6A65BC230AD994009CFE7E /* Frameworks */,
				AB6A65BD230AD994009CFE7E /* Resources */,
			);
			buildRules = (
			);
			dependencies = (
				AB6A65C1230AD994009CFE7E /* PBXTargetDependency */,
			);
			name = MyBujo2.0Tests;
			productName = MyBujo2.0Tests;
			productReference = AB6A65BF230AD994009CFE7E /* MyBujo2.0Tests.xctest */;
			productType = "com.apple.product-type.bundle.unit-test";
		};
/* End PBXNativeTarget section */

/* Begin PBXProject section */
		AB6A65A0230AD990009CFE7E /* Project object */ = {
			isa = PBXProject;
			attributes = {
				LastSwiftUpdateCheck = 1020;
				LastUpgradeCheck = 1020;
				ORGANIZATIONNAME = "Gabriel Palhares";
				TargetAttributes = {
					AB6A65A7230AD990009CFE7E = {
						CreatedOnToolsVersion = 10.2.1;
						SystemCapabilities = {
							com.apple.BackgroundModes = {
								enabled = 0;
							};
							com.apple.Push = {
								enabled = 0;
							};
						};
					};
					AB6A65BE230AD994009CFE7E = {
						CreatedOnToolsVersion = 10.2.1;
						TestTargetID = AB6A65A7230AD990009CFE7E;
					};
				};
			};
			buildConfigurationList = AB6A65A3230AD990009CFE7E /* Build configuration list for PBXProject "MyBujo2.0" */;
			compatibilityVersion = "Xcode 9.3";
			developmentRegion = en;
			hasScannedForEncodings = 0;
			knownRegions = (
				en,
				Base,
			);
			mainGroup = AB6A659F230AD990009CFE7E;
			productRefGroup = AB6A65A9230AD990009CFE7E /* Products */;
			projectDirPath = "";
			projectRoot = "";
			targets = (
				AB6A65A7230AD990009CFE7E /* MyBujo2.0 */,
				AB6A65BE230AD994009CFE7E /* MyBujo2.0Tests */,
			);
		};
/* End PBXProject section */

/* Begin PBXResourcesBuildPhase section */
		AB6A65A6230AD990009CFE7E /* Resources */ = {
			isa = PBXResourcesBuildPhase;
			buildActionMask = 2147483647;
			files = (
				AB6A65B9230AD994009CFE7E /* LaunchScreen.storyboard in Resources */,
				AB6A65B6230AD994009CFE7E /* Assets.xcassets in Resources */,
			);
			runOnlyForDeploymentPostprocessing = 0;
		};
		AB6A65BD230AD994009CFE7E /* Resources */ = {
			isa = PBXResourcesBuildPhase;
			buildActionMask = 2147483647;
			files = (
			);
			runOnlyForDeploymentPostprocessing = 0;
		};
/* End PBXResourcesBuildPhase section */

/* Begin PBXShellScriptBuildPhase section */
		499274A619F8C656796029D4 /* [CP] Check Pods Manifest.lock */ = {
			isa = PBXShellScriptBuildPhase;
			buildActionMask = 2147483647;
			files = (
			);
			inputFileListPaths = (
			);
			inputPaths = (
				"${PODS_PODFILE_DIR_PATH}/Podfile.lock",
				"${PODS_ROOT}/Manifest.lock",
			);
			name = "[CP] Check Pods Manifest.lock";
			outputFileListPaths = (
			);
			outputPaths = (
				"$(DERIVED_FILE_DIR)/Pods-MyBujo2.0Tests-checkManifestLockResult.txt",
			);
			runOnlyForDeploymentPostprocessing = 0;
			shellPath = /bin/sh;
			shellScript = "diff \"${PODS_PODFILE_DIR_PATH}/Podfile.lock\" \"${PODS_ROOT}/Manifest.lock\" > /dev/null\nif [ $? != 0 ] ; then\n    # print error to STDERR\n    echo \"error: The sandbox is not in sync with the Podfile.lock. Run 'pod install' or update your CocoaPods installation.\" >&2\n    exit 1\nfi\n# This output is used by Xcode 'outputs' to avoid re-running this script phase.\necho \"SUCCESS\" > \"${SCRIPT_OUTPUT_FILE_0}\"\n";
			showEnvVarsInLog = 0;
		};
		AB3FBDD9231412F30072A5EC /* Swift Lint */ = {
			isa = PBXShellScriptBuildPhase;
			buildActionMask = 2147483647;
			files = (
			);
			inputFileListPaths = (
			);
			inputPaths = (
			);
			name = "Swift Lint";
			outputFileListPaths = (
			);
			outputPaths = (
			);
			runOnlyForDeploymentPostprocessing = 0;
			shellPath = /bin/sh;
			shellScript = "if which swiftlint >/dev/null; then\nswiftlint\nelse\necho \"warning: SwiftLint not installed, download from https://github.com/realm/SwiftLint\"\nfi\n";
		};
		F3B06E7A1F46759BD09FBED8 /* [CP] Check Pods Manifest.lock */ = {
			isa = PBXShellScriptBuildPhase;
			buildActionMask = 2147483647;
			files = (
			);
			inputFileListPaths = (
			);
			inputPaths = (
				"${PODS_PODFILE_DIR_PATH}/Podfile.lock",
				"${PODS_ROOT}/Manifest.lock",
			);
			name = "[CP] Check Pods Manifest.lock";
			outputFileListPaths = (
			);
			outputPaths = (
				"$(DERIVED_FILE_DIR)/Pods-MyBujo2.0-checkManifestLockResult.txt",
			);
			runOnlyForDeploymentPostprocessing = 0;
			shellPath = /bin/sh;
			shellScript = "diff \"${PODS_PODFILE_DIR_PATH}/Podfile.lock\" \"${PODS_ROOT}/Manifest.lock\" > /dev/null\nif [ $? != 0 ] ; then\n    # print error to STDERR\n    echo \"error: The sandbox is not in sync with the Podfile.lock. Run 'pod install' or update your CocoaPods installation.\" >&2\n    exit 1\nfi\n# This output is used by Xcode 'outputs' to avoid re-running this script phase.\necho \"SUCCESS\" > \"${SCRIPT_OUTPUT_FILE_0}\"\n";
			showEnvVarsInLog = 0;
		};
		F6B4751E381A869D54E5CEF7 /* [CP] Embed Pods Frameworks */ = {
			isa = PBXShellScriptBuildPhase;
			buildActionMask = 2147483647;
			files = (
			);
			inputFileListPaths = (
				"${PODS_ROOT}/Target Support Files/Pods-MyBujo2.0/Pods-MyBujo2.0-frameworks-${CONFIGURATION}-input-files.xcfilelist",
			);
			name = "[CP] Embed Pods Frameworks";
			outputFileListPaths = (
				"${PODS_ROOT}/Target Support Files/Pods-MyBujo2.0/Pods-MyBujo2.0-frameworks-${CONFIGURATION}-output-files.xcfilelist",
			);
			runOnlyForDeploymentPostprocessing = 0;
			shellPath = /bin/sh;
			shellScript = "\"${PODS_ROOT}/Target Support Files/Pods-MyBujo2.0/Pods-MyBujo2.0-frameworks.sh\"\n";
			showEnvVarsInLog = 0;
		};
/* End PBXShellScriptBuildPhase section */

/* Begin PBXSourcesBuildPhase section */
		AB6A65A4230AD990009CFE7E /* Sources */ = {
			isa = PBXSourcesBuildPhase;
			buildActionMask = 2147483647;
			files = (
				3010248E232A840700BBE978 /* AddGoalsAnimator.swift in Sources */,
				E88784762331223C00BFFE10 /* Defaults.swift in Sources */,
				1549195A231D44EE00766609 /* NewFeelingViewController.swift in Sources */,
				15DA589223390ADA00009949 /* CapturesViewController+ImagePickerController.swift in Sources */,
				15491960231D508000766609 /* FeelingsCardView.swift in Sources */,
				3074028123325CF30058D997 /* CustomizableLabel.swift in Sources */,
				30B9005A2318424A000C0089 /* DayExtension.swift in Sources */,
				159DB6F7233CF0C600CD9D5F /* VideosViewController.swift in Sources */,
				1511F76A230C3E9C0056E715 /* MasterViewController.swift in Sources */,
				AB6A65AE230AD990009CFE7E /* MyJourneyViewController.swift in Sources */,
				AB6A65AC230AD990009CFE7E /* AppDelegate.swift in Sources */,
				15C339C5230D8A14009ED5CD /* ViewCode.swift in Sources */,
				30C6FD992331203500F69F79 /* Media+CoreDataProperties.swift in Sources */,
				15E6195F2329370800C5E96D /* BlurableModalAnimationController.swift in Sources */,
				AB8D30DD233906290009409F /* AudioPlayerDelegate.swift in Sources */,
				3094B17F233A5D9B00576EDF /* FocusedPhotoViewController.swift in Sources */,
				AB6A65B4230AD991009CFE7E /* MyBujo2_0.xcdatamodeld in Sources */,
				157F4540232AEDE8007BC8D4 /* NewBaseViewController.swift in Sources */,
				3094B179233A57E400576EDF /* FocusedMediaViewController.swift in Sources */,
				1516C18F231555E5002EC623 /* TableViewHeaderView.swift in Sources */,
				E8535A0223156252009AB979 /* NotesView.swift in Sources */,
				3074027E2332583E0058D997 /* StatusView.swift in Sources */,
				15EF7189230DA7BA001F79D9 /* MyTodayViewController.swift in Sources */,
				30740285233270CE0058D997 /* HealthStatusType.swift in Sources */,
				30A348D62314609C0018DB13 /* MediaTableViewCell.swift in Sources */,
				ABC6819D2316AA6D0039E7CC /* MediaCollectionViewCell.swift in Sources */,
				308F6FD02327EB96008012AA /* CanvasLayoutExtension.swift in Sources */,
				157D9D69232A9285009659F4 /* CaptureCollectionViewCell.swift in Sources */,
				E811D12E232004E600FBCAC8 /* UiButton+Extension.swift in Sources */,
				309DC7F3233E3C9400F3218E /* FileManagerInitiable.swift in Sources */,
				15DFF5C72316FB8200F70860 /* Blurable.swift in Sources */,
				153F8CB3230C477E001C0CB3 /* CustomSplitViewController.swift in Sources */,
				AB8C882B233518540093E29C /* AudioPlayer.swift in Sources */,
				300CAB7B2327C1E3002F066A /* DrawingViewController.swift in Sources */,
				301F35352316AAC500AD5477 /* CoreDataManager.swift in Sources */,
				30A348D123145AA30018DB13 /* CalendarTableViewCell.swift in Sources */,
				15347D37231D8E8F00848335 /* FeelingsView.swift in Sources */,
				AB8C8829233518280093E29C /* AudioViewController.swift in Sources */,
				30ADD66D231D396D001CAF1C /* Delegates.swift in Sources */,
				E8588B65232EEE6B0011939B /* CollectionTableViewCell.swift in Sources */,
				AB8D30DB2338F1AC0009409F /* AudioRecordDelegate.swift in Sources */,
				E8FF9D472316C55D006C2B49 /* UiView+Extension.swift in Sources */,
				1549195E231D4B8C00766609 /* FeelingView.swift in Sources */,
				E811D1302320952900FBCAC8 /* NewGoalViewControllerDelegate.swift in Sources */,
				15DA58902338FBE300009949 /* NewPhotoCollectionViewCell.swift in Sources */,
				30AD9B29230AEF9100B39434 /* DayCell.swift in Sources */,
				154B139323143B3600F03C6C /* GoalTableViewCell.swift in Sources */,
				E8588B67232F112A0011939B /* ReusableCollectionViewCell.swift in Sources */,
				AB8D30DF23390F4D0009409F /* Audio.swift in Sources */,
				30117AD3233CE18800F0D5F1 /* CalendarStructs.swift in Sources */,
				30117AD0233CE16200F0D5F1 /* MonthData.swift in Sources */,
				1516C18C23154851002EC623 /* GoalsTableViewCell.swift in Sources */,
				3074027B233257990058D997 /* HealthCollectionViewCell.swift in Sources */,
				AB8C882F23351D240093E29C /* AudioRecordManager.swift in Sources */,
				AB79C0212317FFB40077A21E /* DismissControllerDelegate.swift in Sources */,
				30B9005C231842A0000C0089 /* GoalExtension.swift in Sources */,
				15341D842315C28B005E7328 /* HeaderViewFactory.swift in Sources */,
				309DC7F5233E3CF800F3218E /* UIImageExtension.swift in Sources */,
				30C6FD9C233122FF00F69F79 /* FileManagerExtension.swift in Sources */,
				AB79C01F2317F1590077A21E /* MediaCollectionViewDelegate.swift in Sources */,
				30C6FD9A2331203500F69F79 /* Media+CoreDataClass.swift in Sources */,
				30740283233270510058D997 /* HealthHeaderView.swift in Sources */,
				308F6FCE2327CAAD008012AA /* MediaViewController.swift in Sources */,
				15B4C04A2327E294009B6067 /* CapturesViewController.swift in Sources */,
				E86043A62337A048001A416E /* MediaCards.swift in Sources */,
				30CBF8D8230C347200D56A41 /* WeekDaysView.swift in Sources */,
				308F6FCA2327C391008012AA /* TitleLabel.swift in Sources */,
				30AD9B27230AE98B00B39434 /* CalendarManager.swift in Sources */,
				1549195823193EDD00766609 /* FormView.swift in Sources */,
				30B900572317FC3B000C0089 /* CalendarTableViewCellDelegate.swift in Sources */,
				E8ADD1942335119B00AA80C4 /* CounterGoalsCard.swift in Sources */,
				E851AE19233A39C5008BB798 /* IncrementCollectionViewCell.swift in Sources */,
				E8535A04231562AB009AB979 /* NotesViewController.swift in Sources */,
				30B9006023185600000C0089 /* DateExtension.swift in Sources */,
				308F6FCC2327C4AB008012AA /* ExitButton.swift in Sources */,
				30CBF8D5230C239100D56A41 /* MonthHeader.swift in Sources */,
				301149102315721C0099E845 /* ShadowView.swift in Sources */,
				15DFF5C52316C3AD00F70860 /* NewGoalViewController.swift in Sources */,
				E811D132232096F800FBCAC8 /* UiLabel+Extension.swift in Sources */,
				159DB6FA233CF16400CD9D5F /* GalleryViewController.swift in Sources */,
				E813C1A72322A5F0002F170D /* NavigationButton.swift in Sources */,
				AB8C882D233518AC0093E29C /* AudioTableView.swift in Sources */,
				3050424E230C879D0037AFB0 /* ShadowProtocol.swift in Sources */,
			);
			runOnlyForDeploymentPostprocessing = 0;
		};
		AB6A65BB230AD994009CFE7E /* Sources */ = {
			isa = PBXSourcesBuildPhase;
			buildActionMask = 2147483647;
			files = (
				AB6A65C4230AD994009CFE7E /* MyBujo2_0Tests.swift in Sources */,
			);
			runOnlyForDeploymentPostprocessing = 0;
		};
/* End PBXSourcesBuildPhase section */

/* Begin PBXTargetDependency section */
		AB6A65C1230AD994009CFE7E /* PBXTargetDependency */ = {
			isa = PBXTargetDependency;
			target = AB6A65A7230AD990009CFE7E /* MyBujo2.0 */;
			targetProxy = AB6A65C0230AD994009CFE7E /* PBXContainerItemProxy */;
		};
/* End PBXTargetDependency section */

/* Begin PBXVariantGroup section */
		AB6A65B7230AD994009CFE7E /* LaunchScreen.storyboard */ = {
			isa = PBXVariantGroup;
			children = (
				AB6A65B8230AD994009CFE7E /* Base */,
			);
			name = LaunchScreen.storyboard;
			sourceTree = "<group>";
		};
/* End PBXVariantGroup section */

/* Begin XCBuildConfiguration section */
		AB6A65C6230AD994009CFE7E /* Debug */ = {
			isa = XCBuildConfiguration;
			buildSettings = {
				ALWAYS_SEARCH_USER_PATHS = NO;
				CLANG_ANALYZER_NONNULL = YES;
				CLANG_ANALYZER_NUMBER_OBJECT_CONVERSION = YES_AGGRESSIVE;
				CLANG_CXX_LANGUAGE_STANDARD = "gnu++14";
				CLANG_CXX_LIBRARY = "libc++";
				CLANG_ENABLE_MODULES = YES;
				CLANG_ENABLE_OBJC_ARC = YES;
				CLANG_ENABLE_OBJC_WEAK = YES;
				CLANG_WARN_BLOCK_CAPTURE_AUTORELEASING = YES;
				CLANG_WARN_BOOL_CONVERSION = YES;
				CLANG_WARN_COMMA = YES;
				CLANG_WARN_CONSTANT_CONVERSION = YES;
				CLANG_WARN_DEPRECATED_OBJC_IMPLEMENTATIONS = YES;
				CLANG_WARN_DIRECT_OBJC_ISA_USAGE = YES_ERROR;
				CLANG_WARN_DOCUMENTATION_COMMENTS = YES;
				CLANG_WARN_EMPTY_BODY = YES;
				CLANG_WARN_ENUM_CONVERSION = YES;
				CLANG_WARN_INFINITE_RECURSION = YES;
				CLANG_WARN_INT_CONVERSION = YES;
				CLANG_WARN_NON_LITERAL_NULL_CONVERSION = YES;
				CLANG_WARN_OBJC_IMPLICIT_RETAIN_SELF = YES;
				CLANG_WARN_OBJC_LITERAL_CONVERSION = YES;
				CLANG_WARN_OBJC_ROOT_CLASS = YES_ERROR;
				CLANG_WARN_RANGE_LOOP_ANALYSIS = YES;
				CLANG_WARN_STRICT_PROTOTYPES = YES;
				CLANG_WARN_SUSPICIOUS_MOVE = YES;
				CLANG_WARN_UNGUARDED_AVAILABILITY = YES_AGGRESSIVE;
				CLANG_WARN_UNREACHABLE_CODE = YES;
				CLANG_WARN__DUPLICATE_METHOD_MATCH = YES;
				CODE_SIGN_IDENTITY = "iPhone Developer";
				COPY_PHASE_STRIP = NO;
				DEBUG_INFORMATION_FORMAT = dwarf;
				ENABLE_STRICT_OBJC_MSGSEND = YES;
				ENABLE_TESTABILITY = YES;
				GCC_C_LANGUAGE_STANDARD = gnu11;
				GCC_DYNAMIC_NO_PIC = NO;
				GCC_NO_COMMON_BLOCKS = YES;
				GCC_OPTIMIZATION_LEVEL = 0;
				GCC_PREPROCESSOR_DEFINITIONS = (
					"DEBUG=1",
					"$(inherited)",
				);
				GCC_WARN_64_TO_32_BIT_CONVERSION = YES;
				GCC_WARN_ABOUT_RETURN_TYPE = YES_ERROR;
				GCC_WARN_UNDECLARED_SELECTOR = YES;
				GCC_WARN_UNINITIALIZED_AUTOS = YES_AGGRESSIVE;
				GCC_WARN_UNUSED_FUNCTION = YES;
				GCC_WARN_UNUSED_VARIABLE = YES;
				IPHONEOS_DEPLOYMENT_TARGET = 13.0;
				MTL_ENABLE_DEBUG_INFO = INCLUDE_SOURCE;
				MTL_FAST_MATH = YES;
				ONLY_ACTIVE_ARCH = YES;
				SDKROOT = iphoneos;
				SWIFT_ACTIVE_COMPILATION_CONDITIONS = DEBUG;
				SWIFT_OPTIMIZATION_LEVEL = "-Onone";
			};
			name = Debug;
		};
		AB6A65C7230AD994009CFE7E /* Release */ = {
			isa = XCBuildConfiguration;
			buildSettings = {
				ALWAYS_SEARCH_USER_PATHS = NO;
				CLANG_ANALYZER_NONNULL = YES;
				CLANG_ANALYZER_NUMBER_OBJECT_CONVERSION = YES_AGGRESSIVE;
				CLANG_CXX_LANGUAGE_STANDARD = "gnu++14";
				CLANG_CXX_LIBRARY = "libc++";
				CLANG_ENABLE_MODULES = YES;
				CLANG_ENABLE_OBJC_ARC = YES;
				CLANG_ENABLE_OBJC_WEAK = YES;
				CLANG_WARN_BLOCK_CAPTURE_AUTORELEASING = YES;
				CLANG_WARN_BOOL_CONVERSION = YES;
				CLANG_WARN_COMMA = YES;
				CLANG_WARN_CONSTANT_CONVERSION = YES;
				CLANG_WARN_DEPRECATED_OBJC_IMPLEMENTATIONS = YES;
				CLANG_WARN_DIRECT_OBJC_ISA_USAGE = YES_ERROR;
				CLANG_WARN_DOCUMENTATION_COMMENTS = YES;
				CLANG_WARN_EMPTY_BODY = YES;
				CLANG_WARN_ENUM_CONVERSION = YES;
				CLANG_WARN_INFINITE_RECURSION = YES;
				CLANG_WARN_INT_CONVERSION = YES;
				CLANG_WARN_NON_LITERAL_NULL_CONVERSION = YES;
				CLANG_WARN_OBJC_IMPLICIT_RETAIN_SELF = YES;
				CLANG_WARN_OBJC_LITERAL_CONVERSION = YES;
				CLANG_WARN_OBJC_ROOT_CLASS = YES_ERROR;
				CLANG_WARN_RANGE_LOOP_ANALYSIS = YES;
				CLANG_WARN_STRICT_PROTOTYPES = YES;
				CLANG_WARN_SUSPICIOUS_MOVE = YES;
				CLANG_WARN_UNGUARDED_AVAILABILITY = YES_AGGRESSIVE;
				CLANG_WARN_UNREACHABLE_CODE = YES;
				CLANG_WARN__DUPLICATE_METHOD_MATCH = YES;
				CODE_SIGN_IDENTITY = "iPhone Developer";
				COPY_PHASE_STRIP = NO;
				DEBUG_INFORMATION_FORMAT = "dwarf-with-dsym";
				ENABLE_NS_ASSERTIONS = NO;
				ENABLE_STRICT_OBJC_MSGSEND = YES;
				GCC_C_LANGUAGE_STANDARD = gnu11;
				GCC_NO_COMMON_BLOCKS = YES;
				GCC_WARN_64_TO_32_BIT_CONVERSION = YES;
				GCC_WARN_ABOUT_RETURN_TYPE = YES_ERROR;
				GCC_WARN_UNDECLARED_SELECTOR = YES;
				GCC_WARN_UNINITIALIZED_AUTOS = YES_AGGRESSIVE;
				GCC_WARN_UNUSED_FUNCTION = YES;
				GCC_WARN_UNUSED_VARIABLE = YES;
				IPHONEOS_DEPLOYMENT_TARGET = 13.0;
				MTL_ENABLE_DEBUG_INFO = NO;
				MTL_FAST_MATH = YES;
				SDKROOT = iphoneos;
				SWIFT_COMPILATION_MODE = wholemodule;
				SWIFT_OPTIMIZATION_LEVEL = "-O";
				VALIDATE_PRODUCT = YES;
			};
			name = Release;
		};
		AB6A65C9230AD994009CFE7E /* Debug */ = {
			isa = XCBuildConfiguration;
			baseConfigurationReference = 9BD351423C88B3EC62A77941 /* Pods-MyBujo2.0.debug.xcconfig */;
			buildSettings = {
				ASSETCATALOG_COMPILER_APPICON_NAME = AppIcon;
				CODE_SIGN_IDENTITY = "iPhone Developer";
				CODE_SIGN_STYLE = Automatic;
				CURRENT_PROJECT_VERSION = 5;
				DERIVE_UIKITFORMAC_PRODUCT_BUNDLE_IDENTIFIER = YES;
				DEVELOPMENT_TEAM = 6Z5CB5T6U7;
				INFOPLIST_FILE = MyBujo2.0/Info.plist;
				IPHONEOS_DEPLOYMENT_TARGET = 12.4;
				LD_RUNPATH_SEARCH_PATHS = (
					"$(inherited)",
					"@executable_path/Frameworks",
				);
				PRODUCT_BUNDLE_IDENTIFIER = mentalists.Healise;
				PRODUCT_NAME = "$(TARGET_NAME)";
				PROVISIONING_PROFILE_SPECIFIER = "";
				SUPPORTS_UIKITFORMAC = YES;
				SWIFT_VERSION = 5.0;
				TARGETED_DEVICE_FAMILY = "1,2";
			};
			name = Debug;
		};
		AB6A65CA230AD994009CFE7E /* Release */ = {
			isa = XCBuildConfiguration;
			baseConfigurationReference = 84C1F76D61EB421EF9272186 /* Pods-MyBujo2.0.release.xcconfig */;
			buildSettings = {
				ASSETCATALOG_COMPILER_APPICON_NAME = AppIcon;
				CODE_SIGN_IDENTITY = "iPhone Developer";
				CODE_SIGN_STYLE = Automatic;
				CURRENT_PROJECT_VERSION = 5;
				DERIVE_UIKITFORMAC_PRODUCT_BUNDLE_IDENTIFIER = YES;
				DEVELOPMENT_TEAM = 6Z5CB5T6U7;
				INFOPLIST_FILE = MyBujo2.0/Info.plist;
				IPHONEOS_DEPLOYMENT_TARGET = 12.4;
				LD_RUNPATH_SEARCH_PATHS = (
					"$(inherited)",
					"@executable_path/Frameworks",
				);
				PRODUCT_BUNDLE_IDENTIFIER = mentalists.Healise;
				PRODUCT_NAME = "$(TARGET_NAME)";
				PROVISIONING_PROFILE_SPECIFIER = "";
				SUPPORTS_UIKITFORMAC = YES;
				SWIFT_VERSION = 5.0;
				TARGETED_DEVICE_FAMILY = "1,2";
			};
			name = Release;
		};
		AB6A65CC230AD994009CFE7E /* Debug */ = {
			isa = XCBuildConfiguration;
			baseConfigurationReference = 1A42B77BC5296E06887DA2E4 /* Pods-MyBujo2.0Tests.debug.xcconfig */;
			buildSettings = {
				ALWAYS_EMBED_SWIFT_STANDARD_LIBRARIES = YES;
				BUNDLE_LOADER = "$(TEST_HOST)";
				CODE_SIGN_STYLE = Automatic;
				DEVELOPMENT_TEAM = 6Z5CB5T6U7;
				INFOPLIST_FILE = MyBujo2.0Tests/Info.plist;
				LD_RUNPATH_SEARCH_PATHS = (
					"$(inherited)",
					"@executable_path/Frameworks",
					"@loader_path/Frameworks",
				);
				PRODUCT_BUNDLE_IDENTIFIER = "Gabriel-Palhares.MyBujo2-0Tests";
				PRODUCT_NAME = "$(TARGET_NAME)";
				SWIFT_VERSION = 5.0;
				TARGETED_DEVICE_FAMILY = "1,2";
				TEST_HOST = "$(BUILT_PRODUCTS_DIR)/MyBujo2.0.app/MyBujo2.0";
			};
			name = Debug;
		};
		AB6A65CD230AD994009CFE7E /* Release */ = {
			isa = XCBuildConfiguration;
			baseConfigurationReference = 996BCF63229CD2F3D0D56838 /* Pods-MyBujo2.0Tests.release.xcconfig */;
			buildSettings = {
				ALWAYS_EMBED_SWIFT_STANDARD_LIBRARIES = YES;
				BUNDLE_LOADER = "$(TEST_HOST)";
				CODE_SIGN_STYLE = Automatic;
				DEVELOPMENT_TEAM = 6Z5CB5T6U7;
				INFOPLIST_FILE = MyBujo2.0Tests/Info.plist;
				LD_RUNPATH_SEARCH_PATHS = (
					"$(inherited)",
					"@executable_path/Frameworks",
					"@loader_path/Frameworks",
				);
				PRODUCT_BUNDLE_IDENTIFIER = "Gabriel-Palhares.MyBujo2-0Tests";
				PRODUCT_NAME = "$(TARGET_NAME)";
				SWIFT_VERSION = 5.0;
				TARGETED_DEVICE_FAMILY = "1,2";
				TEST_HOST = "$(BUILT_PRODUCTS_DIR)/MyBujo2.0.app/MyBujo2.0";
			};
			name = Release;
		};
/* End XCBuildConfiguration section */

/* Begin XCConfigurationList section */
		AB6A65A3230AD990009CFE7E /* Build configuration list for PBXProject "MyBujo2.0" */ = {
			isa = XCConfigurationList;
			buildConfigurations = (
				AB6A65C6230AD994009CFE7E /* Debug */,
				AB6A65C7230AD994009CFE7E /* Release */,
			);
			defaultConfigurationIsVisible = 0;
			defaultConfigurationName = Release;
		};
		AB6A65C8230AD994009CFE7E /* Build configuration list for PBXNativeTarget "MyBujo2.0" */ = {
			isa = XCConfigurationList;
			buildConfigurations = (
				AB6A65C9230AD994009CFE7E /* Debug */,
				AB6A65CA230AD994009CFE7E /* Release */,
			);
			defaultConfigurationIsVisible = 0;
			defaultConfigurationName = Release;
		};
		AB6A65CB230AD994009CFE7E /* Build configuration list for PBXNativeTarget "MyBujo2.0Tests" */ = {
			isa = XCConfigurationList;
			buildConfigurations = (
				AB6A65CC230AD994009CFE7E /* Debug */,
				AB6A65CD230AD994009CFE7E /* Release */,
			);
			defaultConfigurationIsVisible = 0;
			defaultConfigurationName = Release;
		};
/* End XCConfigurationList section */

/* Begin XCVersionGroup section */
		AB6A65B2230AD990009CFE7E /* MyBujo2_0.xcdatamodeld */ = {
			isa = XCVersionGroup;
			children = (
				AB6A65B3230AD990009CFE7E /* MyBujo2_0.xcdatamodel */,
			);
			currentVersion = AB6A65B3230AD990009CFE7E /* MyBujo2_0.xcdatamodel */;
			path = MyBujo2_0.xcdatamodeld;
			sourceTree = "<group>";
			versionGroupType = wrapper.xcdatamodel;
		};
/* End XCVersionGroup section */
	};
	rootObject = AB6A65A0230AD990009CFE7E /* Project object */;
}
